// !$*UTF8*$!
{
	archiveVersion = 1;
	classes = {
	};
	objectVersion = 55;
	objects = {

/* Begin PBXBuildFile section */
		552605BC27FED8EE0028C141 /* CategoryRow.swift in Sources */ = {isa = PBXBuildFile; fileRef = 552605BB27FED8EE0028C141 /* CategoryRow.swift */; };
		552605BE27FF17FE0028C141 /* CategoryList.swift in Sources */ = {isa = PBXBuildFile; fileRef = 552605BD27FF17FE0028C141 /* CategoryList.swift */; };
		552605C028005F630028C141 /* HomeView.swift in Sources */ = {isa = PBXBuildFile; fileRef = 552605BF28005F630028C141 /* HomeView.swift */; };
		552605DC2801B2FC0028C141 /* LongPressCircle.swift in Sources */ = {isa = PBXBuildFile; fileRef = 552605DB2801B2FC0028C141 /* LongPressCircle.swift */; };
		552605E228020FE30028C141 /* DragCircle.swift in Sources */ = {isa = PBXBuildFile; fileRef = 552605E128020FE30028C141 /* DragCircle.swift */; };
		55DE0FD828055CC700BF10BD /* TouchCircle.swift in Sources */ = {isa = PBXBuildFile; fileRef = 55DE0FD728055CC700BF10BD /* TouchCircle.swift */; };
		55DE0FDC28055E6E00BF10BD /* MemoWriting3.swift in Sources */ = {isa = PBXBuildFile; fileRef = 55DE0FD928055E6E00BF10BD /* MemoWriting3.swift */; };
		55DE0FDD28055E6E00BF10BD /* MemoWriting1.swift in Sources */ = {isa = PBXBuildFile; fileRef = 55DE0FDA28055E6E00BF10BD /* MemoWriting1.swift */; };
		55DE0FDE28055E6E00BF10BD /* MemoWriting2.swift in Sources */ = {isa = PBXBuildFile; fileRef = 55DE0FDB28055E6E00BF10BD /* MemoWriting2.swift */; };
		55DE0FE028055E8F00BF10BD /* PlayerUI.swift in Sources */ = {isa = PBXBuildFile; fileRef = 55DE0FDF28055E8F00BF10BD /* PlayerUI.swift */; };
		55DE0FE828055EAF00BF10BD /* MemoFolder4.swift in Sources */ = {isa = PBXBuildFile; fileRef = 55DE0FE228055EAF00BF10BD /* MemoFolder4.swift */; };
		55DE0FE928055EAF00BF10BD /* MemoFolder6.swift in Sources */ = {isa = PBXBuildFile; fileRef = 55DE0FE328055EAF00BF10BD /* MemoFolder6.swift */; };
		55DE0FEA28055EAF00BF10BD /* MemoFolder1.swift in Sources */ = {isa = PBXBuildFile; fileRef = 55DE0FE428055EAF00BF10BD /* MemoFolder1.swift */; };
		55DE0FEB28055EAF00BF10BD /* MemoFolder2.swift in Sources */ = {isa = PBXBuildFile; fileRef = 55DE0FE528055EAF00BF10BD /* MemoFolder2.swift */; };
		55DE0FEC28055EAF00BF10BD /* MemoFolder5.swift in Sources */ = {isa = PBXBuildFile; fileRef = 55DE0FE628055EAF00BF10BD /* MemoFolder5.swift */; };
		55DE0FED28055EAF00BF10BD /* MemoFolder3.swift in Sources */ = {isa = PBXBuildFile; fileRef = 55DE0FE728055EAF00BF10BD /* MemoFolder3.swift */; };
		55DE0FF328055EC500BF10BD /* MemoMove4.swift in Sources */ = {isa = PBXBuildFile; fileRef = 55DE0FEF28055EC500BF10BD /* MemoMove4.swift */; };
		55DE0FF428055EC500BF10BD /* MemoMove1.swift in Sources */ = {isa = PBXBuildFile; fileRef = 55DE0FF028055EC500BF10BD /* MemoMove1.swift */; };
		55DE0FF528055EC500BF10BD /* MemoMove2.swift in Sources */ = {isa = PBXBuildFile; fileRef = 55DE0FF128055EC500BF10BD /* MemoMove2.swift */; };
		55DE0FF628055EC500BF10BD /* MemoMove3.swift in Sources */ = {isa = PBXBuildFile; fileRef = 55DE0FF228055EC500BF10BD /* MemoMove3.swift */; };
		55DE0FFD28055ED800BF10BD /* MemoMakingWidget4.swift in Sources */ = {isa = PBXBuildFile; fileRef = 55DE0FF828055ED800BF10BD /* MemoMakingWidget4.swift */; };
		55DE0FFE28055ED800BF10BD /* MemoMakingWidget5.swift in Sources */ = {isa = PBXBuildFile; fileRef = 55DE0FF928055ED800BF10BD /* MemoMakingWidget5.swift */; };
		55DE0FFF28055ED800BF10BD /* MemoMakingWidget2.swift in Sources */ = {isa = PBXBuildFile; fileRef = 55DE0FFA28055ED800BF10BD /* MemoMakingWidget2.swift */; };
		55DE100028055ED800BF10BD /* MemoMakingWidget3.swift in Sources */ = {isa = PBXBuildFile; fileRef = 55DE0FFB28055ED800BF10BD /* MemoMakingWidget3.swift */; };
		55DE100128055ED800BF10BD /* MemoMakingWidget1.swift in Sources */ = {isa = PBXBuildFile; fileRef = 55DE0FFC28055ED800BF10BD /* MemoMakingWidget1.swift */; };
		55DE100828055EF400BF10BD /* MemoAddPicture1.swift in Sources */ = {isa = PBXBuildFile; fileRef = 55DE100328055EF300BF10BD /* MemoAddPicture1.swift */; };
		55DE100928055EF400BF10BD /* MemoAddPicture4.swift in Sources */ = {isa = PBXBuildFile; fileRef = 55DE100428055EF300BF10BD /* MemoAddPicture4.swift */; };
		55DE100A28055EF400BF10BD /* MemoAddPicture3.swift in Sources */ = {isa = PBXBuildFile; fileRef = 55DE100528055EF300BF10BD /* MemoAddPicture3.swift */; };
		55DE100B28055EF400BF10BD /* MemoAddPicture2.swift in Sources */ = {isa = PBXBuildFile; fileRef = 55DE100628055EF400BF10BD /* MemoAddPicture2.swift */; };
		55DE100C28055EF400BF10BD /* MemoAddPicture5.swift in Sources */ = {isa = PBXBuildFile; fileRef = 55DE100728055EF400BF10BD /* MemoAddPicture5.swift */; };
		55DE101D2805716700BF10BD /* MemoWriting2.mov in Resources */ = {isa = PBXBuildFile; fileRef = 55DE101A2805716700BF10BD /* MemoWriting2.mov */; };
		55DE101F2805716700BF10BD /* MemoWriting3.mov in Resources */ = {isa = PBXBuildFile; fileRef = 55DE101C2805716700BF10BD /* MemoWriting3.mov */; };
		55DE1026280571E700BF10BD /* MemoFolder5.mov in Resources */ = {isa = PBXBuildFile; fileRef = 55DE1020280571E700BF10BD /* MemoFolder5.mov */; };
		55DE1027280571E700BF10BD /* MemoFolder6.mov in Resources */ = {isa = PBXBuildFile; fileRef = 55DE1021280571E700BF10BD /* MemoFolder6.mov */; };
		55DE1028280571E700BF10BD /* MemoFolder2.mov in Resources */ = {isa = PBXBuildFile; fileRef = 55DE1022280571E700BF10BD /* MemoFolder2.mov */; };
		55DE1029280571E700BF10BD /* MemoFolder4.mov in Resources */ = {isa = PBXBuildFile; fileRef = 55DE1023280571E700BF10BD /* MemoFolder4.mov */; };
		55DE102A280571E700BF10BD /* MemoFolder3.mov in Resources */ = {isa = PBXBuildFile; fileRef = 55DE1024280571E700BF10BD /* MemoFolder3.mov */; };
		55DE102B280571E700BF10BD /* MemoFolder1.mov in Resources */ = {isa = PBXBuildFile; fileRef = 55DE1025280571E700BF10BD /* MemoFolder1.mov */; };
		55DE10302805720600BF10BD /* MemoMove3.mov in Resources */ = {isa = PBXBuildFile; fileRef = 55DE102C2805720600BF10BD /* MemoMove3.mov */; };
		55DE10312805720600BF10BD /* MemoMove2.mov in Resources */ = {isa = PBXBuildFile; fileRef = 55DE102D2805720600BF10BD /* MemoMove2.mov */; };
		55DE10322805720600BF10BD /* MemoMove4.mov in Resources */ = {isa = PBXBuildFile; fileRef = 55DE102E2805720600BF10BD /* MemoMove4.mov */; };
		55DE10332805720600BF10BD /* MemoMove1.mov in Resources */ = {isa = PBXBuildFile; fileRef = 55DE102F2805720600BF10BD /* MemoMove1.mov */; };
		55DE103A2805721B00BF10BD /* MemoMakingWidget5.mov in Resources */ = {isa = PBXBuildFile; fileRef = 55DE10342805721A00BF10BD /* MemoMakingWidget5.mov */; };
		55DE103C2805721B00BF10BD /* MemoMakingWidget4.mov in Resources */ = {isa = PBXBuildFile; fileRef = 55DE10362805721A00BF10BD /* MemoMakingWidget4.mov */; };
		55DE103D2805721B00BF10BD /* MemoMakingWidget1.mov in Resources */ = {isa = PBXBuildFile; fileRef = 55DE10372805721B00BF10BD /* MemoMakingWidget1.mov */; };
		55DE103E2805721B00BF10BD /* MemoMakingWidget3.mov in Resources */ = {isa = PBXBuildFile; fileRef = 55DE10382805721B00BF10BD /* MemoMakingWidget3.mov */; };
		55DE103F2805721B00BF10BD /* MemoMakingWidget2.mov in Resources */ = {isa = PBXBuildFile; fileRef = 55DE10392805721B00BF10BD /* MemoMakingWidget2.mov */; };
		55DE10452805722D00BF10BD /* MemoAddPicture3.mov in Resources */ = {isa = PBXBuildFile; fileRef = 55DE10402805722D00BF10BD /* MemoAddPicture3.mov */; };
		55DE10462805722D00BF10BD /* MemoAddPicture5.mov in Resources */ = {isa = PBXBuildFile; fileRef = 55DE10412805722D00BF10BD /* MemoAddPicture5.mov */; };
		55DE10472805722D00BF10BD /* MemoAddPicture1.mov in Resources */ = {isa = PBXBuildFile; fileRef = 55DE10422805722D00BF10BD /* MemoAddPicture1.mov */; };
		55DE10482805722D00BF10BD /* MemoAddPicture4.mov in Resources */ = {isa = PBXBuildFile; fileRef = 55DE10432805722D00BF10BD /* MemoAddPicture4.mov */; };
		55DE10492805722D00BF10BD /* MemoAddPicture2.mov in Resources */ = {isa = PBXBuildFile; fileRef = 55DE10442805722D00BF10BD /* MemoAddPicture2.mov */; };
		55DE10532805CFF700BF10BD /* MemoWriting1.mov in Resources */ = {isa = PBXBuildFile; fileRef = 55DE10522805CFF700BF10BD /* MemoWriting1.mov */; };
		712905AF280544BC00185D87 /* ZStackView.swift in Sources */ = {isa = PBXBuildFile; fileRef = 712905AE280544BC00185D87 /* ZStackView.swift */; };
		79373AFF28006D7400CDAD04 /* ClearView.swift in Sources */ = {isa = PBXBuildFile; fileRef = 79373AFE28006D7400CDAD04 /* ClearView.swift */; };
		7946E52628081BBE005E4123 /* audio_143_하단_메뉴의__메모_이동_을_터치하세요_.wav in Resources */ = {isa = PBXBuildFile; fileRef = 7946E50E28081BBE005E4123 /* audio_143_하단_메뉴의__메모_이동_을_터치하세요_.wav */; };
		7946E52728081BBE005E4123 /* audio_137__새로운_폴더_를_터치하세요_.wav in Resources */ = {isa = PBXBuildFile; fileRef = 7946E50F28081BBE005E4123 /* audio_137__새로운_폴더_를_터치하세요_.wav */; };
		7946E52828081BBE005E4123 /* audio_134_메모의_제목을_적은_다음_메모할_내용을_작성하세요_.wav in Resources */ = {isa = PBXBuildFile; fileRef = 7946E51028081BBE005E4123 /* audio_134_메모의_제목을_적은_다음_메모할_내용을_작성하세요_.wav */; };
		7946E52928081BBE005E4123 /* audio_139_새로운_폴더를_터치하면_해당_폴더로_이동합니다_.wav in Resources */ = {isa = PBXBuildFile; fileRef = 7946E51128081BBE005E4123 /* audio_139_새로운_폴더를_터치하면_해당_폴더로_이동합니다_.wav */; };
		7946E52A28081BBE005E4123 /* audio_138_폴더_이름을_입력하신_후_저장을_눌러주세요_.wav in Resources */ = {isa = PBXBuildFile; fileRef = 7946E51228081BBE005E4123 /* audio_138_폴더_이름을_입력하신_후_저장을_눌러주세요_.wav */; };
		7946E52B28081BBE005E4123 /* audio_136_좌측_하단의_아이콘을_터치하세요_.wav in Resources */ = {isa = PBXBuildFile; fileRef = 7946E51328081BBE005E4123 /* audio_136_좌측_하단의_아이콘을_터치하세요_.wav */; };
		7946E52C28081BBE005E4123 /* audio_145_배경화면의_빈공간을_1초_이상_눌러주세요_.wav in Resources */ = {isa = PBXBuildFile; fileRef = 7946E51428081BBE005E4123 /* audio_145_배경화면의_빈공간을_1초_이상_눌러주세요_.wav */; };
		7946E52D28081BBE005E4123 /* audio_132_홈_화면에_있는_메모앱을_터치하세요_.wav in Resources */ = {isa = PBXBuildFile; fileRef = 7946E51528081BBE005E4123 /* audio_132_홈_화면에_있는_메모앱을_터치하세요_.wav */; };
		7946E52E28081BBE005E4123 /* audio_149_위젯을_원하는_위치로_옮긴_후_우측상단의__완료_버튼~.wav in Resources */ = {isa = PBXBuildFile; fileRef = 7946E51628081BBE005E4123 /* audio_149_위젯을_원하는_위치로_옮긴_후_우측상단의__완료_버튼~.wav */; };
		7946E52F28081BBE005E4123 /* audio_140_새로운_폴더가_완성되었습니다_.wav in Resources */ = {isa = PBXBuildFile; fileRef = 7946E51728081BBE005E4123 /* audio_140_새로운_폴더가_완성되었습니다_.wav */; };
		7946E53028081BBE005E4123 /* audio_153_선택_후__추가_를_눌러주세요_.wav in Resources */ = {isa = PBXBuildFile; fileRef = 7946E51828081BBE005E4123 /* audio_153_선택_후__추가_를_눌러주세요_.wav */; };
		7946E53128081BBE005E4123 /* audio_142_다른_폴더로_이동시킬_메모에서_우측_상단의_더보기_버~.wav in Resources */ = {isa = PBXBuildFile; fileRef = 7946E51928081BBE005E4123 /* audio_142_다른_폴더로_이동시킬_메모에서_우측_상단의_더보기_버~.wav */; };
		7946E53228081BBE005E4123 /* audio_135_메모앱_좌측_상단의__폴더_를_터치하세요_.wav in Resources */ = {isa = PBXBuildFile; fileRef = 7946E51A28081BBE005E4123 /* audio_135_메모앱_좌측_상단의__폴더_를_터치하세요_.wav */; };
		7946E53328081BBE005E4123 /* audio_151__사진_또는_비디오_선택_을_터치하세요_.wav in Resources */ = {isa = PBXBuildFile; fileRef = 7946E51B28081BBE005E4123 /* audio_151__사진_또는_비디오_선택_을_터치하세요_.wav */; };
		7946E53428081BBE005E4123 /* audio_147_메모앱_위젯을_터치해주세요_.wav in Resources */ = {isa = PBXBuildFile; fileRef = 7946E51C28081BBE005E4123 /* audio_147_메모앱_위젯을_터치해주세요_.wav */; };
		7946E53528081BBE005E4123 /* audio_150_키보드_위에_있는_카메라_버튼을_터치해주세요_.wav in Resources */ = {isa = PBXBuildFile; fileRef = 7946E51D28081BBE005E4123 /* audio_150_키보드_위에_있는_카메라_버튼을_터치해주세요_.wav */; };
		7946E53628081BBE005E4123 /* audio_133_우측_하단의_작성버튼을_터치하세요_.wav in Resources */ = {isa = PBXBuildFile; fileRef = 7946E51E28081BBE005E4123 /* audio_133_우측_하단의_작성버튼을_터치하세요_.wav */; };
		7946E53728081BBE005E4123 /* audio_141_메모를_작성해보세요_.wav in Resources */ = {isa = PBXBuildFile; fileRef = 7946E51F28081BBE005E4123 /* audio_141_메모를_작성해보세요_.wav */; };
		7946E53828081BBE005E4123 /* audio_154_다음과_같이_사진이_추가되었습니다_.wav in Resources */ = {isa = PBXBuildFile; fileRef = 7946E52028081BBE005E4123 /* audio_154_다음과_같이_사진이_추가되었습니다_.wav */; };
		7946E53928081BBE005E4123 /* audio_144_1_이동시킬_폴더를_터치하세요_.wav in Resources */ = {isa = PBXBuildFile; fileRef = 7946E52128081BBE005E4123 /* audio_144_1_이동시킬_폴더를_터치하세요_.wav */; };
		7946E53A28081BBE005E4123 /* audio_148_사용에_맞게_메모_또는_폴더를_선택하고_위젯추가를_눌~.wav in Resources */ = {isa = PBXBuildFile; fileRef = 7946E52228081BBE005E4123 /* audio_148_사용에_맞게_메모_또는_폴더를_선택하고_위젯추가를_눌~.wav */; };
		7946E53B28081BBE005E4123 /* audio_146_좌측_상단의_플러스_버튼을_터치하세요_.wav in Resources */ = {isa = PBXBuildFile; fileRef = 7946E52328081BBE005E4123 /* audio_146_좌측_상단의_플러스_버튼을_터치하세요_.wav */; };
		7946E53C28081BBE005E4123 /* audio_152_원하는_사진_또는_비디오를_선택하세요_.wav in Resources */ = {isa = PBXBuildFile; fileRef = 7946E52428081BBE005E4123 /* audio_152_원하는_사진_또는_비디오를_선택하세요_.wav */; };
		7946E53D28081BBE005E4123 /* audio_144_2_폴더를_확인하면_메모가_이동한_것을_확인할_수_있습니~.wav in Resources */ = {isa = PBXBuildFile; fileRef = 7946E52528081BBE005E4123 /* audio_144_2_폴더를_확인하면_메모가_이동한_것을_확인할_수_있습니~.wav */; };
		7953082F27FD7E78000D40DB /* Noo6MainApp.swift in Sources */ = {isa = PBXBuildFile; fileRef = 7953082E27FD7E78000D40DB /* Noo6MainApp.swift */; };
		7953083327FD7E79000D40DB /* Assets.xcassets in Resources */ = {isa = PBXBuildFile; fileRef = 7953083227FD7E79000D40DB /* Assets.xcassets */; };
		7953083627FD7E79000D40DB /* Preview Assets.xcassets in Resources */ = {isa = PBXBuildFile; fileRef = 7953083527FD7E79000D40DB /* Preview Assets.xcassets */; };
		798DC11B2802BD560064168B /* Cow-moo-sound.mp3 in Resources */ = {isa = PBXBuildFile; fileRef = 798DC11A2802BD560064168B /* Cow-moo-sound.mp3 */; };
		79A06FE8280459D100EF1A34 /* GuideData.json in Resources */ = {isa = PBXBuildFile; fileRef = 79A06FE7280459D100EF1A34 /* GuideData.json */; };
		79EB4B4C28053CA500F06C17 /* ModelData.swift in Sources */ = {isa = PBXBuildFile; fileRef = 79EB4B4B28053CA500F06C17 /* ModelData.swift */; };
		BF2CEDFA28006ECB003401D6 /* GuideView.swift in Sources */ = {isa = PBXBuildFile; fileRef = BF2CEDF928006ECB003401D6 /* GuideView.swift */; };
		D42F483827FED4C9009FECA0 /* CategoryView.swift in Sources */ = {isa = PBXBuildFile; fileRef = D42F483727FED4C9009FECA0 /* CategoryView.swift */; };
		D4B55B2628041E69009BD1B4 /* GradeData.json in Resources */ = {isa = PBXBuildFile; fileRef = D4B55B2528041E69009BD1B4 /* GradeData.json */; };
		D4B55B2828041F02009BD1B4 /* DataStruct.swift in Sources */ = {isa = PBXBuildFile; fileRef = D4B55B2728041F02009BD1B4 /* DataStruct.swift */; };
		D4B55B2A280420B7009BD1B4 /* DataLoadModel.swift in Sources */ = {isa = PBXBuildFile; fileRef = D4B55B29280420B7009BD1B4 /* DataLoadModel.swift */; };
		D4B55B2C28042318009BD1B4 /* DataTestView.swift in Sources */ = {isa = PBXBuildFile; fileRef = D4B55B2B28042318009BD1B4 /* DataTestView.swift */; };
		D4DDA1732804567A002302F5 /* CategoryData.json in Resources */ = {isa = PBXBuildFile; fileRef = D4DDA1722804567A002302F5 /* CategoryData.json */; };
		D4DDA17728045BEE002302F5 /* ClearData.json in Resources */ = {isa = PBXBuildFile; fileRef = D4DDA17628045BEE002302F5 /* ClearData.json */; };
		E901BB9528006550003AF610 /* HonorView.swift in Sources */ = {isa = PBXBuildFile; fileRef = E901BB9428006550003AF610 /* HonorView.swift */; };
		E901BB9928006915003AF610 /* HonorDetailView.swift in Sources */ = {isa = PBXBuildFile; fileRef = E901BB9728006915003AF610 /* HonorDetailView.swift */; };
/* End PBXBuildFile section */

/* Begin PBXFileReference section */
		552605BB27FED8EE0028C141 /* CategoryRow.swift */ = {isa = PBXFileReference; lastKnownFileType = sourcecode.swift; path = CategoryRow.swift; sourceTree = "<group>"; };
		552605BD27FF17FE0028C141 /* CategoryList.swift */ = {isa = PBXFileReference; lastKnownFileType = sourcecode.swift; path = CategoryList.swift; sourceTree = "<group>"; };
		552605BF28005F630028C141 /* HomeView.swift */ = {isa = PBXFileReference; lastKnownFileType = sourcecode.swift; path = HomeView.swift; sourceTree = "<group>"; };
		552605DB2801B2FC0028C141 /* LongPressCircle.swift */ = {isa = PBXFileReference; lastKnownFileType = sourcecode.swift; path = LongPressCircle.swift; sourceTree = "<group>"; };
		552605E128020FE30028C141 /* DragCircle.swift */ = {isa = PBXFileReference; lastKnownFileType = sourcecode.swift; path = DragCircle.swift; sourceTree = "<group>"; };
		55DE0FD728055CC700BF10BD /* TouchCircle.swift */ = {isa = PBXFileReference; lastKnownFileType = sourcecode.swift; path = TouchCircle.swift; sourceTree = "<group>"; };
		55DE0FD928055E6E00BF10BD /* MemoWriting3.swift */ = {isa = PBXFileReference; fileEncoding = 4; lastKnownFileType = sourcecode.swift; path = MemoWriting3.swift; sourceTree = "<group>"; };
		55DE0FDA28055E6E00BF10BD /* MemoWriting1.swift */ = {isa = PBXFileReference; fileEncoding = 4; lastKnownFileType = sourcecode.swift; path = MemoWriting1.swift; sourceTree = "<group>"; };
		55DE0FDB28055E6E00BF10BD /* MemoWriting2.swift */ = {isa = PBXFileReference; fileEncoding = 4; lastKnownFileType = sourcecode.swift; path = MemoWriting2.swift; sourceTree = "<group>"; };
		55DE0FDF28055E8F00BF10BD /* PlayerUI.swift */ = {isa = PBXFileReference; fileEncoding = 4; lastKnownFileType = sourcecode.swift; path = PlayerUI.swift; sourceTree = "<group>"; };
		55DE0FE228055EAF00BF10BD /* MemoFolder4.swift */ = {isa = PBXFileReference; fileEncoding = 4; lastKnownFileType = sourcecode.swift; path = MemoFolder4.swift; sourceTree = "<group>"; };
		55DE0FE328055EAF00BF10BD /* MemoFolder6.swift */ = {isa = PBXFileReference; fileEncoding = 4; lastKnownFileType = sourcecode.swift; path = MemoFolder6.swift; sourceTree = "<group>"; };
		55DE0FE428055EAF00BF10BD /* MemoFolder1.swift */ = {isa = PBXFileReference; fileEncoding = 4; lastKnownFileType = sourcecode.swift; path = MemoFolder1.swift; sourceTree = "<group>"; };
		55DE0FE528055EAF00BF10BD /* MemoFolder2.swift */ = {isa = PBXFileReference; fileEncoding = 4; lastKnownFileType = sourcecode.swift; path = MemoFolder2.swift; sourceTree = "<group>"; };
		55DE0FE628055EAF00BF10BD /* MemoFolder5.swift */ = {isa = PBXFileReference; fileEncoding = 4; lastKnownFileType = sourcecode.swift; path = MemoFolder5.swift; sourceTree = "<group>"; };
		55DE0FE728055EAF00BF10BD /* MemoFolder3.swift */ = {isa = PBXFileReference; fileEncoding = 4; lastKnownFileType = sourcecode.swift; path = MemoFolder3.swift; sourceTree = "<group>"; };
		55DE0FEF28055EC500BF10BD /* MemoMove4.swift */ = {isa = PBXFileReference; fileEncoding = 4; lastKnownFileType = sourcecode.swift; path = MemoMove4.swift; sourceTree = "<group>"; };
		55DE0FF028055EC500BF10BD /* MemoMove1.swift */ = {isa = PBXFileReference; fileEncoding = 4; lastKnownFileType = sourcecode.swift; path = MemoMove1.swift; sourceTree = "<group>"; };
		55DE0FF128055EC500BF10BD /* MemoMove2.swift */ = {isa = PBXFileReference; fileEncoding = 4; lastKnownFileType = sourcecode.swift; path = MemoMove2.swift; sourceTree = "<group>"; };
		55DE0FF228055EC500BF10BD /* MemoMove3.swift */ = {isa = PBXFileReference; fileEncoding = 4; lastKnownFileType = sourcecode.swift; path = MemoMove3.swift; sourceTree = "<group>"; };
		55DE0FF828055ED800BF10BD /* MemoMakingWidget4.swift */ = {isa = PBXFileReference; fileEncoding = 4; lastKnownFileType = sourcecode.swift; path = MemoMakingWidget4.swift; sourceTree = "<group>"; };
		55DE0FF928055ED800BF10BD /* MemoMakingWidget5.swift */ = {isa = PBXFileReference; fileEncoding = 4; lastKnownFileType = sourcecode.swift; path = MemoMakingWidget5.swift; sourceTree = "<group>"; };
		55DE0FFA28055ED800BF10BD /* MemoMakingWidget2.swift */ = {isa = PBXFileReference; fileEncoding = 4; lastKnownFileType = sourcecode.swift; path = MemoMakingWidget2.swift; sourceTree = "<group>"; };
		55DE0FFB28055ED800BF10BD /* MemoMakingWidget3.swift */ = {isa = PBXFileReference; fileEncoding = 4; lastKnownFileType = sourcecode.swift; path = MemoMakingWidget3.swift; sourceTree = "<group>"; };
		55DE0FFC28055ED800BF10BD /* MemoMakingWidget1.swift */ = {isa = PBXFileReference; fileEncoding = 4; lastKnownFileType = sourcecode.swift; path = MemoMakingWidget1.swift; sourceTree = "<group>"; };
		55DE100328055EF300BF10BD /* MemoAddPicture1.swift */ = {isa = PBXFileReference; fileEncoding = 4; lastKnownFileType = sourcecode.swift; path = MemoAddPicture1.swift; sourceTree = "<group>"; };
		55DE100428055EF300BF10BD /* MemoAddPicture4.swift */ = {isa = PBXFileReference; fileEncoding = 4; lastKnownFileType = sourcecode.swift; path = MemoAddPicture4.swift; sourceTree = "<group>"; };
		55DE100528055EF300BF10BD /* MemoAddPicture3.swift */ = {isa = PBXFileReference; fileEncoding = 4; lastKnownFileType = sourcecode.swift; path = MemoAddPicture3.swift; sourceTree = "<group>"; };
		55DE100628055EF400BF10BD /* MemoAddPicture2.swift */ = {isa = PBXFileReference; fileEncoding = 4; lastKnownFileType = sourcecode.swift; path = MemoAddPicture2.swift; sourceTree = "<group>"; };
		55DE100728055EF400BF10BD /* MemoAddPicture5.swift */ = {isa = PBXFileReference; fileEncoding = 4; lastKnownFileType = sourcecode.swift; path = MemoAddPicture5.swift; sourceTree = "<group>"; };
		55DE101A2805716700BF10BD /* MemoWriting2.mov */ = {isa = PBXFileReference; lastKnownFileType = video.quicktime; path = MemoWriting2.mov; sourceTree = "<group>"; };
		55DE101C2805716700BF10BD /* MemoWriting3.mov */ = {isa = PBXFileReference; lastKnownFileType = video.quicktime; path = MemoWriting3.mov; sourceTree = "<group>"; };
		55DE1020280571E700BF10BD /* MemoFolder5.mov */ = {isa = PBXFileReference; lastKnownFileType = video.quicktime; path = MemoFolder5.mov; sourceTree = "<group>"; };
		55DE1021280571E700BF10BD /* MemoFolder6.mov */ = {isa = PBXFileReference; lastKnownFileType = video.quicktime; path = MemoFolder6.mov; sourceTree = "<group>"; };
		55DE1022280571E700BF10BD /* MemoFolder2.mov */ = {isa = PBXFileReference; lastKnownFileType = video.quicktime; path = MemoFolder2.mov; sourceTree = "<group>"; };
		55DE1023280571E700BF10BD /* MemoFolder4.mov */ = {isa = PBXFileReference; lastKnownFileType = video.quicktime; path = MemoFolder4.mov; sourceTree = "<group>"; };
		55DE1024280571E700BF10BD /* MemoFolder3.mov */ = {isa = PBXFileReference; lastKnownFileType = video.quicktime; path = MemoFolder3.mov; sourceTree = "<group>"; };
		55DE1025280571E700BF10BD /* MemoFolder1.mov */ = {isa = PBXFileReference; lastKnownFileType = video.quicktime; path = MemoFolder1.mov; sourceTree = "<group>"; };
		55DE102C2805720600BF10BD /* MemoMove3.mov */ = {isa = PBXFileReference; lastKnownFileType = video.quicktime; path = MemoMove3.mov; sourceTree = "<group>"; };
		55DE102D2805720600BF10BD /* MemoMove2.mov */ = {isa = PBXFileReference; lastKnownFileType = video.quicktime; path = MemoMove2.mov; sourceTree = "<group>"; };
		55DE102E2805720600BF10BD /* MemoMove4.mov */ = {isa = PBXFileReference; lastKnownFileType = video.quicktime; path = MemoMove4.mov; sourceTree = "<group>"; };
		55DE102F2805720600BF10BD /* MemoMove1.mov */ = {isa = PBXFileReference; lastKnownFileType = video.quicktime; path = MemoMove1.mov; sourceTree = "<group>"; };
		55DE10342805721A00BF10BD /* MemoMakingWidget5.mov */ = {isa = PBXFileReference; lastKnownFileType = video.quicktime; path = MemoMakingWidget5.mov; sourceTree = "<group>"; };
		55DE10362805721A00BF10BD /* MemoMakingWidget4.mov */ = {isa = PBXFileReference; lastKnownFileType = video.quicktime; path = MemoMakingWidget4.mov; sourceTree = "<group>"; };
		55DE10372805721B00BF10BD /* MemoMakingWidget1.mov */ = {isa = PBXFileReference; lastKnownFileType = video.quicktime; path = MemoMakingWidget1.mov; sourceTree = "<group>"; };
		55DE10382805721B00BF10BD /* MemoMakingWidget3.mov */ = {isa = PBXFileReference; lastKnownFileType = video.quicktime; path = MemoMakingWidget3.mov; sourceTree = "<group>"; };
		55DE10392805721B00BF10BD /* MemoMakingWidget2.mov */ = {isa = PBXFileReference; lastKnownFileType = video.quicktime; path = MemoMakingWidget2.mov; sourceTree = "<group>"; };
		55DE10402805722D00BF10BD /* MemoAddPicture3.mov */ = {isa = PBXFileReference; lastKnownFileType = video.quicktime; path = MemoAddPicture3.mov; sourceTree = "<group>"; };
		55DE10412805722D00BF10BD /* MemoAddPicture5.mov */ = {isa = PBXFileReference; lastKnownFileType = video.quicktime; path = MemoAddPicture5.mov; sourceTree = "<group>"; };
		55DE10422805722D00BF10BD /* MemoAddPicture1.mov */ = {isa = PBXFileReference; lastKnownFileType = video.quicktime; path = MemoAddPicture1.mov; sourceTree = "<group>"; };
		55DE10432805722D00BF10BD /* MemoAddPicture4.mov */ = {isa = PBXFileReference; lastKnownFileType = video.quicktime; path = MemoAddPicture4.mov; sourceTree = "<group>"; };
		55DE10442805722D00BF10BD /* MemoAddPicture2.mov */ = {isa = PBXFileReference; lastKnownFileType = video.quicktime; path = MemoAddPicture2.mov; sourceTree = "<group>"; };
		55DE10522805CFF700BF10BD /* MemoWriting1.mov */ = {isa = PBXFileReference; lastKnownFileType = video.quicktime; path = MemoWriting1.mov; sourceTree = "<group>"; };
		712905AE280544BC00185D87 /* ZStackView.swift */ = {isa = PBXFileReference; lastKnownFileType = sourcecode.swift; path = ZStackView.swift; sourceTree = "<group>"; };
		79373AFE28006D7400CDAD04 /* ClearView.swift */ = {isa = PBXFileReference; lastKnownFileType = sourcecode.swift; path = ClearView.swift; sourceTree = "<group>"; };
		7946E50E28081BBE005E4123 /* audio_143_하단_메뉴의__메모_이동_을_터치하세요_.wav */ = {isa = PBXFileReference; lastKnownFileType = audio.wav; path = "audio_143_하단_메뉴의__메모_이동_을_터치하세요_.wav"; sourceTree = "<group>"; };
		7946E50F28081BBE005E4123 /* audio_137__새로운_폴더_를_터치하세요_.wav */ = {isa = PBXFileReference; lastKnownFileType = audio.wav; path = "audio_137__새로운_폴더_를_터치하세요_.wav"; sourceTree = "<group>"; };
		7946E51028081BBE005E4123 /* audio_134_메모의_제목을_적은_다음_메모할_내용을_작성하세요_.wav */ = {isa = PBXFileReference; lastKnownFileType = audio.wav; path = "audio_134_메모의_제목을_적은_다음_메모할_내용을_작성하세요_.wav"; sourceTree = "<group>"; };
		7946E51128081BBE005E4123 /* audio_139_새로운_폴더를_터치하면_해당_폴더로_이동합니다_.wav */ = {isa = PBXFileReference; lastKnownFileType = audio.wav; path = "audio_139_새로운_폴더를_터치하면_해당_폴더로_이동합니다_.wav"; sourceTree = "<group>"; };
		7946E51228081BBE005E4123 /* audio_138_폴더_이름을_입력하신_후_저장을_눌러주세요_.wav */ = {isa = PBXFileReference; lastKnownFileType = audio.wav; path = "audio_138_폴더_이름을_입력하신_후_저장을_눌러주세요_.wav"; sourceTree = "<group>"; };
		7946E51328081BBE005E4123 /* audio_136_좌측_하단의_아이콘을_터치하세요_.wav */ = {isa = PBXFileReference; lastKnownFileType = audio.wav; path = "audio_136_좌측_하단의_아이콘을_터치하세요_.wav"; sourceTree = "<group>"; };
		7946E51428081BBE005E4123 /* audio_145_배경화면의_빈공간을_1초_이상_눌러주세요_.wav */ = {isa = PBXFileReference; lastKnownFileType = audio.wav; path = "audio_145_배경화면의_빈공간을_1초_이상_눌러주세요_.wav"; sourceTree = "<group>"; };
		7946E51528081BBE005E4123 /* audio_132_홈_화면에_있는_메모앱을_터치하세요_.wav */ = {isa = PBXFileReference; lastKnownFileType = audio.wav; path = "audio_132_홈_화면에_있는_메모앱을_터치하세요_.wav"; sourceTree = "<group>"; };
		7946E51628081BBE005E4123 /* audio_149_위젯을_원하는_위치로_옮긴_후_우측상단의__완료_버튼~.wav */ = {isa = PBXFileReference; lastKnownFileType = audio.wav; path = "audio_149_위젯을_원하는_위치로_옮긴_후_우측상단의__완료_버튼~.wav"; sourceTree = "<group>"; };
		7946E51728081BBE005E4123 /* audio_140_새로운_폴더가_완성되었습니다_.wav */ = {isa = PBXFileReference; lastKnownFileType = audio.wav; path = "audio_140_새로운_폴더가_완성되었습니다_.wav"; sourceTree = "<group>"; };
		7946E51828081BBE005E4123 /* audio_153_선택_후__추가_를_눌러주세요_.wav */ = {isa = PBXFileReference; lastKnownFileType = audio.wav; path = "audio_153_선택_후__추가_를_눌러주세요_.wav"; sourceTree = "<group>"; };
		7946E51928081BBE005E4123 /* audio_142_다른_폴더로_이동시킬_메모에서_우측_상단의_더보기_버~.wav */ = {isa = PBXFileReference; lastKnownFileType = audio.wav; path = "audio_142_다른_폴더로_이동시킬_메모에서_우측_상단의_더보기_버~.wav"; sourceTree = "<group>"; };
		7946E51A28081BBE005E4123 /* audio_135_메모앱_좌측_상단의__폴더_를_터치하세요_.wav */ = {isa = PBXFileReference; lastKnownFileType = audio.wav; path = "audio_135_메모앱_좌측_상단의__폴더_를_터치하세요_.wav"; sourceTree = "<group>"; };
		7946E51B28081BBE005E4123 /* audio_151__사진_또는_비디오_선택_을_터치하세요_.wav */ = {isa = PBXFileReference; lastKnownFileType = audio.wav; path = "audio_151__사진_또는_비디오_선택_을_터치하세요_.wav"; sourceTree = "<group>"; };
		7946E51C28081BBE005E4123 /* audio_147_메모앱_위젯을_터치해주세요_.wav */ = {isa = PBXFileReference; lastKnownFileType = audio.wav; path = "audio_147_메모앱_위젯을_터치해주세요_.wav"; sourceTree = "<group>"; };
		7946E51D28081BBE005E4123 /* audio_150_키보드_위에_있는_카메라_버튼을_터치해주세요_.wav */ = {isa = PBXFileReference; lastKnownFileType = audio.wav; path = "audio_150_키보드_위에_있는_카메라_버튼을_터치해주세요_.wav"; sourceTree = "<group>"; };
		7946E51E28081BBE005E4123 /* audio_133_우측_하단의_작성버튼을_터치하세요_.wav */ = {isa = PBXFileReference; lastKnownFileType = audio.wav; path = "audio_133_우측_하단의_작성버튼을_터치하세요_.wav"; sourceTree = "<group>"; };
		7946E51F28081BBE005E4123 /* audio_141_메모를_작성해보세요_.wav */ = {isa = PBXFileReference; lastKnownFileType = audio.wav; path = "audio_141_메모를_작성해보세요_.wav"; sourceTree = "<group>"; };
		7946E52028081BBE005E4123 /* audio_154_다음과_같이_사진이_추가되었습니다_.wav */ = {isa = PBXFileReference; lastKnownFileType = audio.wav; path = "audio_154_다음과_같이_사진이_추가되었습니다_.wav"; sourceTree = "<group>"; };
		7946E52128081BBE005E4123 /* audio_144_1_이동시킬_폴더를_터치하세요_.wav */ = {isa = PBXFileReference; lastKnownFileType = audio.wav; path = "audio_144_1_이동시킬_폴더를_터치하세요_.wav"; sourceTree = "<group>"; };
		7946E52228081BBE005E4123 /* audio_148_사용에_맞게_메모_또는_폴더를_선택하고_위젯추가를_눌~.wav */ = {isa = PBXFileReference; lastKnownFileType = audio.wav; path = "audio_148_사용에_맞게_메모_또는_폴더를_선택하고_위젯추가를_눌~.wav"; sourceTree = "<group>"; };
		7946E52328081BBE005E4123 /* audio_146_좌측_상단의_플러스_버튼을_터치하세요_.wav */ = {isa = PBXFileReference; lastKnownFileType = audio.wav; path = "audio_146_좌측_상단의_플러스_버튼을_터치하세요_.wav"; sourceTree = "<group>"; };
		7946E52428081BBE005E4123 /* audio_152_원하는_사진_또는_비디오를_선택하세요_.wav */ = {isa = PBXFileReference; lastKnownFileType = audio.wav; path = "audio_152_원하는_사진_또는_비디오를_선택하세요_.wav"; sourceTree = "<group>"; };
		7946E52528081BBE005E4123 /* audio_144_2_폴더를_확인하면_메모가_이동한_것을_확인할_수_있습니~.wav */ = {isa = PBXFileReference; lastKnownFileType = audio.wav; path = "audio_144_2_폴더를_확인하면_메모가_이동한_것을_확인할_수_있습니~.wav"; sourceTree = "<group>"; };
		7953082B27FD7E78000D40DB /* Noo6Main.app */ = {isa = PBXFileReference; explicitFileType = wrapper.application; includeInIndex = 0; path = Noo6Main.app; sourceTree = BUILT_PRODUCTS_DIR; };
		7953082E27FD7E78000D40DB /* Noo6MainApp.swift */ = {isa = PBXFileReference; lastKnownFileType = sourcecode.swift; path = Noo6MainApp.swift; sourceTree = "<group>"; };
		7953083227FD7E79000D40DB /* Assets.xcassets */ = {isa = PBXFileReference; lastKnownFileType = folder.assetcatalog; path = Assets.xcassets; sourceTree = "<group>"; };
		7953083527FD7E79000D40DB /* Preview Assets.xcassets */ = {isa = PBXFileReference; lastKnownFileType = folder.assetcatalog; path = "Preview Assets.xcassets"; sourceTree = "<group>"; };
		798DC11A2802BD560064168B /* Cow-moo-sound.mp3 */ = {isa = PBXFileReference; lastKnownFileType = audio.mp3; path = "Cow-moo-sound.mp3"; sourceTree = "<group>"; };
		79A06FE7280459D100EF1A34 /* GuideData.json */ = {isa = PBXFileReference; lastKnownFileType = text.json; path = GuideData.json; sourceTree = "<group>"; };
		79EB4B4B28053CA500F06C17 /* ModelData.swift */ = {isa = PBXFileReference; lastKnownFileType = sourcecode.swift; path = ModelData.swift; sourceTree = "<group>"; };
		BF2CEDF928006ECB003401D6 /* GuideView.swift */ = {isa = PBXFileReference; lastKnownFileType = sourcecode.swift; path = GuideView.swift; sourceTree = "<group>"; };
		D42F483727FED4C9009FECA0 /* CategoryView.swift */ = {isa = PBXFileReference; lastKnownFileType = sourcecode.swift; path = CategoryView.swift; sourceTree = "<group>"; };
		D4B55B2528041E69009BD1B4 /* GradeData.json */ = {isa = PBXFileReference; lastKnownFileType = text.json; path = GradeData.json; sourceTree = "<group>"; };
		D4B55B2728041F02009BD1B4 /* DataStruct.swift */ = {isa = PBXFileReference; lastKnownFileType = sourcecode.swift; path = DataStruct.swift; sourceTree = "<group>"; };
		D4B55B29280420B7009BD1B4 /* DataLoadModel.swift */ = {isa = PBXFileReference; lastKnownFileType = sourcecode.swift; path = DataLoadModel.swift; sourceTree = "<group>"; };
		D4B55B2B28042318009BD1B4 /* DataTestView.swift */ = {isa = PBXFileReference; lastKnownFileType = sourcecode.swift; path = DataTestView.swift; sourceTree = "<group>"; };
		D4DDA1722804567A002302F5 /* CategoryData.json */ = {isa = PBXFileReference; lastKnownFileType = text.json; path = CategoryData.json; sourceTree = "<group>"; };
		D4DDA17628045BEE002302F5 /* ClearData.json */ = {isa = PBXFileReference; lastKnownFileType = text.json; path = ClearData.json; sourceTree = "<group>"; };
		E901BB9428006550003AF610 /* HonorView.swift */ = {isa = PBXFileReference; fileEncoding = 4; lastKnownFileType = sourcecode.swift; path = HonorView.swift; sourceTree = "<group>"; };
		E901BB9728006915003AF610 /* HonorDetailView.swift */ = {isa = PBXFileReference; fileEncoding = 4; lastKnownFileType = sourcecode.swift; path = HonorDetailView.swift; sourceTree = "<group>"; };
/* End PBXFileReference section */

/* Begin PBXFrameworksBuildPhase section */
		7953082827FD7E78000D40DB /* Frameworks */ = {
			isa = PBXFrameworksBuildPhase;
			buildActionMask = 2147483647;
			files = (
			);
			runOnlyForDeploymentPostprocessing = 0;
		};
/* End PBXFrameworksBuildPhase section */

/* Begin PBXGroup section */
		552605E3280210860028C141 /* GuideGesture */ = {
			isa = PBXGroup;
			children = (
				552605DB2801B2FC0028C141 /* LongPressCircle.swift */,
				552605E128020FE30028C141 /* DragCircle.swift */,
				55DE0FD728055CC700BF10BD /* TouchCircle.swift */,
			);
			path = GuideGesture;
			sourceTree = "<group>";
		};
		55DE104A2805CF4D00BF10BD /* MemoWriting */ = {
			isa = PBXGroup;
			children = (
				55DE0FDA28055E6E00BF10BD /* MemoWriting1.swift */,
				55DE0FDB28055E6E00BF10BD /* MemoWriting2.swift */,
				55DE0FD928055E6E00BF10BD /* MemoWriting3.swift */,
			);
			path = MemoWriting;
			sourceTree = "<group>";
		};
		55DE104B2805CF5600BF10BD /* MemoFolder */ = {
			isa = PBXGroup;
			children = (
				55DE0FE428055EAF00BF10BD /* MemoFolder1.swift */,
				55DE0FE528055EAF00BF10BD /* MemoFolder2.swift */,
				55DE0FE728055EAF00BF10BD /* MemoFolder3.swift */,
				55DE0FE228055EAF00BF10BD /* MemoFolder4.swift */,
				55DE0FE628055EAF00BF10BD /* MemoFolder5.swift */,
				55DE0FE328055EAF00BF10BD /* MemoFolder6.swift */,
			);
			path = MemoFolder;
			sourceTree = "<group>";
		};
		55DE104C2805CF5E00BF10BD /* MemoMove */ = {
			isa = PBXGroup;
			children = (
				55DE0FF028055EC500BF10BD /* MemoMove1.swift */,
				55DE0FF128055EC500BF10BD /* MemoMove2.swift */,
				55DE0FF228055EC500BF10BD /* MemoMove3.swift */,
				55DE0FEF28055EC500BF10BD /* MemoMove4.swift */,
			);
			path = MemoMove;
			sourceTree = "<group>";
		};
		55DE104D2805CF6600BF10BD /* MemoMakingWidget */ = {
			isa = PBXGroup;
			children = (
				55DE0FFC28055ED800BF10BD /* MemoMakingWidget1.swift */,
				55DE0FFA28055ED800BF10BD /* MemoMakingWidget2.swift */,
				55DE0FFB28055ED800BF10BD /* MemoMakingWidget3.swift */,
				55DE0FF828055ED800BF10BD /* MemoMakingWidget4.swift */,
				55DE0FF928055ED800BF10BD /* MemoMakingWidget5.swift */,
			);
			path = MemoMakingWidget;
			sourceTree = "<group>";
		};
		55DE104E2805CF7100BF10BD /* MemoAddPicture */ = {
			isa = PBXGroup;
			children = (
				55DE100328055EF300BF10BD /* MemoAddPicture1.swift */,
				55DE100628055EF400BF10BD /* MemoAddPicture2.swift */,
				55DE100528055EF300BF10BD /* MemoAddPicture3.swift */,
				55DE100428055EF300BF10BD /* MemoAddPicture4.swift */,
				55DE100728055EF400BF10BD /* MemoAddPicture5.swift */,
			);
			path = MemoAddPicture;
			sourceTree = "<group>";
		};
		55DE104F2805CF8A00BF10BD /* GuideSimulation */ = {
			isa = PBXGroup;
			children = (
				55DE105A2805D0EF00BF10BD /* Memo */,
			);
			path = GuideSimulation;
			sourceTree = "<group>";
		};
		55DE10502805CF9D00BF10BD /* MemoWritingVideo */ = {
			isa = PBXGroup;
			children = (
				55DE10522805CFF700BF10BD /* MemoWriting1.mov */,
				55DE101A2805716700BF10BD /* MemoWriting2.mov */,
				55DE101C2805716700BF10BD /* MemoWriting3.mov */,
			);
			path = MemoWritingVideo;
			sourceTree = "<group>";
		};
		55DE10542805D09400BF10BD /* MemoFolderVideo */ = {
			isa = PBXGroup;
			children = (
				55DE1025280571E700BF10BD /* MemoFolder1.mov */,
				55DE1022280571E700BF10BD /* MemoFolder2.mov */,
				55DE1024280571E700BF10BD /* MemoFolder3.mov */,
				55DE1023280571E700BF10BD /* MemoFolder4.mov */,
				55DE1020280571E700BF10BD /* MemoFolder5.mov */,
				55DE1021280571E700BF10BD /* MemoFolder6.mov */,
			);
			path = MemoFolderVideo;
			sourceTree = "<group>";
		};
		55DE10552805D0A000BF10BD /* MemoMoveVideo */ = {
			isa = PBXGroup;
			children = (
				55DE102F2805720600BF10BD /* MemoMove1.mov */,
				55DE102D2805720600BF10BD /* MemoMove2.mov */,
				55DE102C2805720600BF10BD /* MemoMove3.mov */,
				55DE102E2805720600BF10BD /* MemoMove4.mov */,
			);
			path = MemoMoveVideo;
			sourceTree = "<group>";
		};
		55DE10562805D0AA00BF10BD /* MemoMakingWidgetVideo */ = {
			isa = PBXGroup;
			children = (
				55DE10372805721B00BF10BD /* MemoMakingWidget1.mov */,
				55DE10392805721B00BF10BD /* MemoMakingWidget2.mov */,
				55DE10382805721B00BF10BD /* MemoMakingWidget3.mov */,
				55DE10362805721A00BF10BD /* MemoMakingWidget4.mov */,
				55DE10342805721A00BF10BD /* MemoMakingWidget5.mov */,
			);
			path = MemoMakingWidgetVideo;
			sourceTree = "<group>";
		};
		55DE10572805D0B900BF10BD /* MemoAddPictureVideo */ = {
			isa = PBXGroup;
			children = (
				55DE10422805722D00BF10BD /* MemoAddPicture1.mov */,
				55DE10442805722D00BF10BD /* MemoAddPicture2.mov */,
				55DE10402805722D00BF10BD /* MemoAddPicture3.mov */,
				55DE10432805722D00BF10BD /* MemoAddPicture4.mov */,
				55DE10412805722D00BF10BD /* MemoAddPicture5.mov */,
			);
			path = MemoAddPictureVideo;
			sourceTree = "<group>";
		};
		55DE10582805D0CD00BF10BD /* MemoVideo */ = {
			isa = PBXGroup;
			children = (
				55DE10502805CF9D00BF10BD /* MemoWritingVideo */,
				55DE10542805D09400BF10BD /* MemoFolderVideo */,
				55DE10552805D0A000BF10BD /* MemoMoveVideo */,
				55DE10562805D0AA00BF10BD /* MemoMakingWidgetVideo */,
				55DE10572805D0B900BF10BD /* MemoAddPictureVideo */,
			);
			path = MemoVideo;
			sourceTree = "<group>";
		};
		55DE10592805D0D900BF10BD /* GuideVideo */ = {
			isa = PBXGroup;
			children = (
				55DE10582805D0CD00BF10BD /* MemoVideo */,
			);
			path = GuideVideo;
			sourceTree = "<group>";
		};
		55DE105A2805D0EF00BF10BD /* Memo */ = {
			isa = PBXGroup;
			children = (
				55DE104A2805CF4D00BF10BD /* MemoWriting */,
				55DE104B2805CF5600BF10BD /* MemoFolder */,
				55DE104C2805CF5E00BF10BD /* MemoMove */,
				55DE104D2805CF6600BF10BD /* MemoMakingWidget */,
				55DE104E2805CF7100BF10BD /* MemoAddPicture */,
			);
			path = Memo;
			sourceTree = "<group>";
		};
		7946E50C28081BA3005E4123 /* sound */ = {
			isa = PBXGroup;
			children = (
				7946E50D28081BBE005E4123 /* 메모음성만 */,
				798DC11A2802BD560064168B /* Cow-moo-sound.mp3 */,
			);
			path = sound;
			sourceTree = "<group>";
		};
		7946E50D28081BBE005E4123 /* 메모음성만 */ = {
			isa = PBXGroup;
			children = (
				7946E50E28081BBE005E4123 /* audio_143_하단_메뉴의__메모_이동_을_터치하세요_.wav */,
				7946E50F28081BBE005E4123 /* audio_137__새로운_폴더_를_터치하세요_.wav */,
				7946E51028081BBE005E4123 /* audio_134_메모의_제목을_적은_다음_메모할_내용을_작성하세요_.wav */,
				7946E51128081BBE005E4123 /* audio_139_새로운_폴더를_터치하면_해당_폴더로_이동합니다_.wav */,
				7946E51228081BBE005E4123 /* audio_138_폴더_이름을_입력하신_후_저장을_눌러주세요_.wav */,
				7946E51328081BBE005E4123 /* audio_136_좌측_하단의_아이콘을_터치하세요_.wav */,
				7946E51428081BBE005E4123 /* audio_145_배경화면의_빈공간을_1초_이상_눌러주세요_.wav */,
				7946E51528081BBE005E4123 /* audio_132_홈_화면에_있는_메모앱을_터치하세요_.wav */,
				7946E51628081BBE005E4123 /* audio_149_위젯을_원하는_위치로_옮긴_후_우측상단의__완료_버튼~.wav */,
				7946E51728081BBE005E4123 /* audio_140_새로운_폴더가_완성되었습니다_.wav */,
				7946E51828081BBE005E4123 /* audio_153_선택_후__추가_를_눌러주세요_.wav */,
				7946E51928081BBE005E4123 /* audio_142_다른_폴더로_이동시킬_메모에서_우측_상단의_더보기_버~.wav */,
				7946E51A28081BBE005E4123 /* audio_135_메모앱_좌측_상단의__폴더_를_터치하세요_.wav */,
				7946E51B28081BBE005E4123 /* audio_151__사진_또는_비디오_선택_을_터치하세요_.wav */,
				7946E51C28081BBE005E4123 /* audio_147_메모앱_위젯을_터치해주세요_.wav */,
				7946E51D28081BBE005E4123 /* audio_150_키보드_위에_있는_카메라_버튼을_터치해주세요_.wav */,
				7946E51E28081BBE005E4123 /* audio_133_우측_하단의_작성버튼을_터치하세요_.wav */,
				7946E51F28081BBE005E4123 /* audio_141_메모를_작성해보세요_.wav */,
				7946E52028081BBE005E4123 /* audio_154_다음과_같이_사진이_추가되었습니다_.wav */,
				7946E52128081BBE005E4123 /* audio_144_1_이동시킬_폴더를_터치하세요_.wav */,
				7946E52228081BBE005E4123 /* audio_148_사용에_맞게_메모_또는_폴더를_선택하고_위젯추가를_눌~.wav */,
				7946E52328081BBE005E4123 /* audio_146_좌측_상단의_플러스_버튼을_터치하세요_.wav */,
				7946E52428081BBE005E4123 /* audio_152_원하는_사진_또는_비디오를_선택하세요_.wav */,
				7946E52528081BBE005E4123 /* audio_144_2_폴더를_확인하면_메모가_이동한_것을_확인할_수_있습니~.wav */,
			);
			path = "메모음성만";
			sourceTree = "<group>";
		};
		7953082227FD7E78000D40DB = {
			isa = PBXGroup;
			children = (
				7953082D27FD7E78000D40DB /* Noo6Main */,
				7953082C27FD7E78000D40DB /* Products */,
			);
			sourceTree = "<group>";
		};
		7953082C27FD7E78000D40DB /* Products */ = {
			isa = PBXGroup;
			children = (
				7953082B27FD7E78000D40DB /* Noo6Main.app */,
			);
			name = Products;
			sourceTree = "<group>";
		};
		7953082D27FD7E78000D40DB /* Noo6Main */ = {
			isa = PBXGroup;
			children = (
				7953082E27FD7E78000D40DB /* Noo6MainApp.swift */,
				552605BF28005F630028C141 /* HomeView.swift */,
				552605BD27FF17FE0028C141 /* CategoryList.swift */,
				552605BB27FED8EE0028C141 /* CategoryRow.swift */,
				D42F483727FED4C9009FECA0 /* CategoryView.swift */,
				BF2CEDF928006ECB003401D6 /* GuideView.swift */,
				79373AFE28006D7400CDAD04 /* ClearView.swift */,
				E901BB9728006915003AF610 /* HonorDetailView.swift */,
				D4B55B2B28042318009BD1B4 /* DataTestView.swift */,
				E901BB9428006550003AF610 /* HonorView.swift */,
				712905AE280544BC00185D87 /* ZStackView.swift */,
				55DE0FDF28055E8F00BF10BD /* PlayerUI.swift */,
				552605E3280210860028C141 /* GuideGesture */,
				55DE104F2805CF8A00BF10BD /* GuideSimulation */,
				55DE10592805D0D900BF10BD /* GuideVideo */,
				79A06FEC28046E4C00EF1A34 /* DataStructS */,
				79A06FEB28046DD000EF1A34 /* Json */,
				7946E50C28081BA3005E4123 /* sound */,
				7953083227FD7E79000D40DB /* Assets.xcassets */,
				7953083427FD7E79000D40DB /* Preview Content */,
			);
			path = Noo6Main;
			sourceTree = "<group>";
		};
		7953083427FD7E79000D40DB /* Preview Content */ = {
			isa = PBXGroup;
			children = (
				7953083527FD7E79000D40DB /* Preview Assets.xcassets */,
			);
			path = "Preview Content";
			sourceTree = "<group>";
		};
		79A06FEB28046DD000EF1A34 /* Json */ = {
			isa = PBXGroup;
			children = (
				D4DDA17628045BEE002302F5 /* ClearData.json */,
				D4DDA1722804567A002302F5 /* CategoryData.json */,
				D4B55B2528041E69009BD1B4 /* GradeData.json */,
				79A06FE7280459D100EF1A34 /* GuideData.json */,
			);
			path = Json;
			sourceTree = "<group>";
		};
		79A06FEC28046E4C00EF1A34 /* DataStructS */ = {
			isa = PBXGroup;
			children = (
				D4B55B29280420B7009BD1B4 /* DataLoadModel.swift */,
				79EB4B4B28053CA500F06C17 /* ModelData.swift */,
				D4B55B2728041F02009BD1B4 /* DataStruct.swift */,
			);
			path = DataStructS;
			sourceTree = "<group>";
		};
/* End PBXGroup section */

/* Begin PBXNativeTarget section */
		7953082A27FD7E78000D40DB /* Noo6Main */ = {
			isa = PBXNativeTarget;
			buildConfigurationList = 7953083927FD7E79000D40DB /* Build configuration list for PBXNativeTarget "Noo6Main" */;
			buildPhases = (
				7953082727FD7E78000D40DB /* Sources */,
				7953082827FD7E78000D40DB /* Frameworks */,
				7953082927FD7E78000D40DB /* Resources */,
			);
			buildRules = (
			);
			dependencies = (
			);
			name = Noo6Main;
			productName = Noo6Main;
			productReference = 7953082B27FD7E78000D40DB /* Noo6Main.app */;
			productType = "com.apple.product-type.application";
		};
/* End PBXNativeTarget section */

/* Begin PBXProject section */
		7953082327FD7E78000D40DB /* Project object */ = {
			isa = PBXProject;
			attributes = {
				BuildIndependentTargetsInParallel = 1;
				LastSwiftUpdateCheck = 1330;
				LastUpgradeCheck = 1330;
				TargetAttributes = {
					7953082A27FD7E78000D40DB = {
						CreatedOnToolsVersion = 13.3;
					};
				};
			};
			buildConfigurationList = 7953082627FD7E78000D40DB /* Build configuration list for PBXProject "Noo6Main" */;
			compatibilityVersion = "Xcode 13.0";
			developmentRegion = en;
			hasScannedForEncodings = 0;
			knownRegions = (
				en,
				Base,
			);
			mainGroup = 7953082227FD7E78000D40DB;
			productRefGroup = 7953082C27FD7E78000D40DB /* Products */;
			projectDirPath = "";
			projectRoot = "";
			targets = (
				7953082A27FD7E78000D40DB /* Noo6Main */,
			);
		};
/* End PBXProject section */

/* Begin PBXResourcesBuildPhase section */
		7953082927FD7E78000D40DB /* Resources */ = {
			isa = PBXResourcesBuildPhase;
			buildActionMask = 2147483647;
			files = (
				7946E53B28081BBE005E4123 /* audio_146_좌측_상단의_플러스_버튼을_터치하세요_.wav in Resources */,
				7946E52628081BBE005E4123 /* audio_143_하단_메뉴의__메모_이동_을_터치하세요_.wav in Resources */,
				7946E53728081BBE005E4123 /* audio_141_메모를_작성해보세요_.wav in Resources */,
				7946E53128081BBE005E4123 /* audio_142_다른_폴더로_이동시킬_메모에서_우측_상단의_더보기_버~.wav in Resources */,
				7946E53028081BBE005E4123 /* audio_153_선택_후__추가_를_눌러주세요_.wav in Resources */,
				7946E52F28081BBE005E4123 /* audio_140_새로운_폴더가_완성되었습니다_.wav in Resources */,
				55DE10312805720600BF10BD /* MemoMove2.mov in Resources */,
				55DE10452805722D00BF10BD /* MemoAddPicture3.mov in Resources */,
				55DE10302805720600BF10BD /* MemoMove3.mov in Resources */,
				55DE10472805722D00BF10BD /* MemoAddPicture1.mov in Resources */,
				55DE101D2805716700BF10BD /* MemoWriting2.mov in Resources */,
				7946E53928081BBE005E4123 /* audio_144_1_이동시킬_폴더를_터치하세요_.wav in Resources */,
				55DE10332805720600BF10BD /* MemoMove1.mov in Resources */,
				7946E52E28081BBE005E4123 /* audio_149_위젯을_원하는_위치로_옮긴_후_우측상단의__완료_버튼~.wav in Resources */,
				55DE10462805722D00BF10BD /* MemoAddPicture5.mov in Resources */,
				7946E53528081BBE005E4123 /* audio_150_키보드_위에_있는_카메라_버튼을_터치해주세요_.wav in Resources */,
				7953083627FD7E79000D40DB /* Preview Assets.xcassets in Resources */,
				55DE1029280571E700BF10BD /* MemoFolder4.mov in Resources */,
				7946E52928081BBE005E4123 /* audio_139_새로운_폴더를_터치하면_해당_폴더로_이동합니다_.wav in Resources */,
				7946E53828081BBE005E4123 /* audio_154_다음과_같이_사진이_추가되었습니다_.wav in Resources */,
				7946E53228081BBE005E4123 /* audio_135_메모앱_좌측_상단의__폴더_를_터치하세요_.wav in Resources */,
				55DE1028280571E700BF10BD /* MemoFolder2.mov in Resources */,
				7946E53328081BBE005E4123 /* audio_151__사진_또는_비디오_선택_을_터치하세요_.wav in Resources */,
				7953083327FD7E79000D40DB /* Assets.xcassets in Resources */,
				79A06FE8280459D100EF1A34 /* GuideData.json in Resources */,
				55DE1027280571E700BF10BD /* MemoFolder6.mov in Resources */,
				7946E53C28081BBE005E4123 /* audio_152_원하는_사진_또는_비디오를_선택하세요_.wav in Resources */,
				55DE10532805CFF700BF10BD /* MemoWriting1.mov in Resources */,
				D4DDA1732804567A002302F5 /* CategoryData.json in Resources */,
				55DE10482805722D00BF10BD /* MemoAddPicture4.mov in Resources */,
				D4DDA17728045BEE002302F5 /* ClearData.json in Resources */,
				7946E53D28081BBE005E4123 /* audio_144_2_폴더를_확인하면_메모가_이동한_것을_확인할_수_있습니~.wav in Resources */,
				55DE102B280571E700BF10BD /* MemoFolder1.mov in Resources */,
				55DE103D2805721B00BF10BD /* MemoMakingWidget1.mov in Resources */,
				7946E52C28081BBE005E4123 /* audio_145_배경화면의_빈공간을_1초_이상_눌러주세요_.wav in Resources */,
				798DC11B2802BD560064168B /* Cow-moo-sound.mp3 in Resources */,
				7946E52728081BBE005E4123 /* audio_137__새로운_폴더_를_터치하세요_.wav in Resources */,
				55DE103A2805721B00BF10BD /* MemoMakingWidget5.mov in Resources */,
				55DE103E2805721B00BF10BD /* MemoMakingWidget3.mov in Resources */,
				55DE103C2805721B00BF10BD /* MemoMakingWidget4.mov in Resources */,
				55DE10322805720600BF10BD /* MemoMove4.mov in Resources */,
				55DE102A280571E700BF10BD /* MemoFolder3.mov in Resources */,
				7946E52D28081BBE005E4123 /* audio_132_홈_화면에_있는_메모앱을_터치하세요_.wav in Resources */,
				55DE103F2805721B00BF10BD /* MemoMakingWidget2.mov in Resources */,
				7946E53428081BBE005E4123 /* audio_147_메모앱_위젯을_터치해주세요_.wav in Resources */,
				55DE10492805722D00BF10BD /* MemoAddPicture2.mov in Resources */,
				7946E52B28081BBE005E4123 /* audio_136_좌측_하단의_아이콘을_터치하세요_.wav in Resources */,
				7946E53A28081BBE005E4123 /* audio_148_사용에_맞게_메모_또는_폴더를_선택하고_위젯추가를_눌~.wav in Resources */,
				55DE101F2805716700BF10BD /* MemoWriting3.mov in Resources */,
				55DE1026280571E700BF10BD /* MemoFolder5.mov in Resources */,
				7946E52A28081BBE005E4123 /* audio_138_폴더_이름을_입력하신_후_저장을_눌러주세요_.wav in Resources */,
				7946E52828081BBE005E4123 /* audio_134_메모의_제목을_적은_다음_메모할_내용을_작성하세요_.wav in Resources */,
				7946E53628081BBE005E4123 /* audio_133_우측_하단의_작성버튼을_터치하세요_.wav in Resources */,
				D4B55B2628041E69009BD1B4 /* GradeData.json in Resources */,
			);
			runOnlyForDeploymentPostprocessing = 0;
		};
/* End PBXResourcesBuildPhase section */

/* Begin PBXSourcesBuildPhase section */
		7953082727FD7E78000D40DB /* Sources */ = {
			isa = PBXSourcesBuildPhase;
			buildActionMask = 2147483647;
			files = (
				D4B55B2C28042318009BD1B4 /* DataTestView.swift in Sources */,
				55DE100928055EF400BF10BD /* MemoAddPicture4.swift in Sources */,
				552605E228020FE30028C141 /* DragCircle.swift in Sources */,
				55DE0FD828055CC700BF10BD /* TouchCircle.swift in Sources */,
				D42F483827FED4C9009FECA0 /* CategoryView.swift in Sources */,
				55DE100A28055EF400BF10BD /* MemoAddPicture3.swift in Sources */,
				55DE0FDD28055E6E00BF10BD /* MemoWriting1.swift in Sources */,
				79373AFF28006D7400CDAD04 /* ClearView.swift in Sources */,
				D4B55B2A280420B7009BD1B4 /* DataLoadModel.swift in Sources */,
				55DE0FF328055EC500BF10BD /* MemoMove4.swift in Sources */,
				55DE0FF628055EC500BF10BD /* MemoMove3.swift in Sources */,
				79EB4B4C28053CA500F06C17 /* ModelData.swift in Sources */,
				55DE0FF428055EC500BF10BD /* MemoMove1.swift in Sources */,
				552605BC27FED8EE0028C141 /* CategoryRow.swift in Sources */,
				712905AF280544BC00185D87 /* ZStackView.swift in Sources */,
				7953082F27FD7E78000D40DB /* Noo6MainApp.swift in Sources */,
				552605C028005F630028C141 /* HomeView.swift in Sources */,
				552605DC2801B2FC0028C141 /* LongPressCircle.swift in Sources */,
				55DE0FFD28055ED800BF10BD /* MemoMakingWidget4.swift in Sources */,
				55DE0FE828055EAF00BF10BD /* MemoFolder4.swift in Sources */,
				BF2CEDFA28006ECB003401D6 /* GuideView.swift in Sources */,
				55DE0FDE28055E6E00BF10BD /* MemoWriting2.swift in Sources */,
				55DE0FE928055EAF00BF10BD /* MemoFolder6.swift in Sources */,
				55DE0FDC28055E6E00BF10BD /* MemoWriting3.swift in Sources */,
				55DE0FED28055EAF00BF10BD /* MemoFolder3.swift in Sources */,
				D4B55B2828041F02009BD1B4 /* DataStruct.swift in Sources */,
				55DE100028055ED800BF10BD /* MemoMakingWidget3.swift in Sources */,
				55DE100128055ED800BF10BD /* MemoMakingWidget1.swift in Sources */,
				55DE0FFF28055ED800BF10BD /* MemoMakingWidget2.swift in Sources */,
				55DE0FF528055EC500BF10BD /* MemoMove2.swift in Sources */,
				55DE0FE028055E8F00BF10BD /* PlayerUI.swift in Sources */,
				E901BB9928006915003AF610 /* HonorDetailView.swift in Sources */,
				552605BE27FF17FE0028C141 /* CategoryList.swift in Sources */,
				55DE0FEC28055EAF00BF10BD /* MemoFolder5.swift in Sources */,
				55DE100828055EF400BF10BD /* MemoAddPicture1.swift in Sources */,
				E901BB9528006550003AF610 /* HonorView.swift in Sources */,
				55DE0FEB28055EAF00BF10BD /* MemoFolder2.swift in Sources */,
				55DE100B28055EF400BF10BD /* MemoAddPicture2.swift in Sources */,
				55DE0FFE28055ED800BF10BD /* MemoMakingWidget5.swift in Sources */,
				55DE100C28055EF400BF10BD /* MemoAddPicture5.swift in Sources */,
				55DE0FEA28055EAF00BF10BD /* MemoFolder1.swift in Sources */,
			);
			runOnlyForDeploymentPostprocessing = 0;
		};
/* End PBXSourcesBuildPhase section */

/* Begin XCBuildConfiguration section */
		7953083727FD7E79000D40DB /* Debug */ = {
			isa = XCBuildConfiguration;
			buildSettings = {
				ALWAYS_SEARCH_USER_PATHS = NO;
				CLANG_ANALYZER_NONNULL = YES;
				CLANG_ANALYZER_NUMBER_OBJECT_CONVERSION = YES_AGGRESSIVE;
				CLANG_CXX_LANGUAGE_STANDARD = "gnu++17";
				CLANG_ENABLE_MODULES = YES;
				CLANG_ENABLE_OBJC_ARC = YES;
				CLANG_ENABLE_OBJC_WEAK = YES;
				CLANG_WARN_BLOCK_CAPTURE_AUTORELEASING = YES;
				CLANG_WARN_BOOL_CONVERSION = YES;
				CLANG_WARN_COMMA = YES;
				CLANG_WARN_CONSTANT_CONVERSION = YES;
				CLANG_WARN_DEPRECATED_OBJC_IMPLEMENTATIONS = YES;
				CLANG_WARN_DIRECT_OBJC_ISA_USAGE = YES_ERROR;
				CLANG_WARN_DOCUMENTATION_COMMENTS = YES;
				CLANG_WARN_EMPTY_BODY = YES;
				CLANG_WARN_ENUM_CONVERSION = YES;
				CLANG_WARN_INFINITE_RECURSION = YES;
				CLANG_WARN_INT_CONVERSION = YES;
				CLANG_WARN_NON_LITERAL_NULL_CONVERSION = YES;
				CLANG_WARN_OBJC_IMPLICIT_RETAIN_SELF = YES;
				CLANG_WARN_OBJC_LITERAL_CONVERSION = YES;
				CLANG_WARN_OBJC_ROOT_CLASS = YES_ERROR;
				CLANG_WARN_QUOTED_INCLUDE_IN_FRAMEWORK_HEADER = YES;
				CLANG_WARN_RANGE_LOOP_ANALYSIS = YES;
				CLANG_WARN_STRICT_PROTOTYPES = YES;
				CLANG_WARN_SUSPICIOUS_MOVE = YES;
				CLANG_WARN_UNGUARDED_AVAILABILITY = YES_AGGRESSIVE;
				CLANG_WARN_UNREACHABLE_CODE = YES;
				CLANG_WARN__DUPLICATE_METHOD_MATCH = YES;
				COPY_PHASE_STRIP = NO;
				DEBUG_INFORMATION_FORMAT = dwarf;
				ENABLE_STRICT_OBJC_MSGSEND = YES;
				ENABLE_TESTABILITY = YES;
				GCC_C_LANGUAGE_STANDARD = gnu11;
				GCC_DYNAMIC_NO_PIC = NO;
				GCC_NO_COMMON_BLOCKS = YES;
				GCC_OPTIMIZATION_LEVEL = 0;
				GCC_PREPROCESSOR_DEFINITIONS = (
					"DEBUG=1",
					"$(inherited)",
				);
				GCC_WARN_64_TO_32_BIT_CONVERSION = YES;
				GCC_WARN_ABOUT_RETURN_TYPE = YES_ERROR;
				GCC_WARN_UNDECLARED_SELECTOR = YES;
				GCC_WARN_UNINITIALIZED_AUTOS = YES_AGGRESSIVE;
				GCC_WARN_UNUSED_FUNCTION = YES;
				GCC_WARN_UNUSED_VARIABLE = YES;
				IPHONEOS_DEPLOYMENT_TARGET = 15.4;
				MTL_ENABLE_DEBUG_INFO = INCLUDE_SOURCE;
				MTL_FAST_MATH = YES;
				ONLY_ACTIVE_ARCH = YES;
				SDKROOT = iphoneos;
				SWIFT_ACTIVE_COMPILATION_CONDITIONS = DEBUG;
				SWIFT_OPTIMIZATION_LEVEL = "-Onone";
			};
			name = Debug;
		};
		7953083827FD7E79000D40DB /* Release */ = {
			isa = XCBuildConfiguration;
			buildSettings = {
				ALWAYS_SEARCH_USER_PATHS = NO;
				CLANG_ANALYZER_NONNULL = YES;
				CLANG_ANALYZER_NUMBER_OBJECT_CONVERSION = YES_AGGRESSIVE;
				CLANG_CXX_LANGUAGE_STANDARD = "gnu++17";
				CLANG_ENABLE_MODULES = YES;
				CLANG_ENABLE_OBJC_ARC = YES;
				CLANG_ENABLE_OBJC_WEAK = YES;
				CLANG_WARN_BLOCK_CAPTURE_AUTORELEASING = YES;
				CLANG_WARN_BOOL_CONVERSION = YES;
				CLANG_WARN_COMMA = YES;
				CLANG_WARN_CONSTANT_CONVERSION = YES;
				CLANG_WARN_DEPRECATED_OBJC_IMPLEMENTATIONS = YES;
				CLANG_WARN_DIRECT_OBJC_ISA_USAGE = YES_ERROR;
				CLANG_WARN_DOCUMENTATION_COMMENTS = YES;
				CLANG_WARN_EMPTY_BODY = YES;
				CLANG_WARN_ENUM_CONVERSION = YES;
				CLANG_WARN_INFINITE_RECURSION = YES;
				CLANG_WARN_INT_CONVERSION = YES;
				CLANG_WARN_NON_LITERAL_NULL_CONVERSION = YES;
				CLANG_WARN_OBJC_IMPLICIT_RETAIN_SELF = YES;
				CLANG_WARN_OBJC_LITERAL_CONVERSION = YES;
				CLANG_WARN_OBJC_ROOT_CLASS = YES_ERROR;
				CLANG_WARN_QUOTED_INCLUDE_IN_FRAMEWORK_HEADER = YES;
				CLANG_WARN_RANGE_LOOP_ANALYSIS = YES;
				CLANG_WARN_STRICT_PROTOTYPES = YES;
				CLANG_WARN_SUSPICIOUS_MOVE = YES;
				CLANG_WARN_UNGUARDED_AVAILABILITY = YES_AGGRESSIVE;
				CLANG_WARN_UNREACHABLE_CODE = YES;
				CLANG_WARN__DUPLICATE_METHOD_MATCH = YES;
				COPY_PHASE_STRIP = NO;
				DEBUG_INFORMATION_FORMAT = "dwarf-with-dsym";
				ENABLE_NS_ASSERTIONS = NO;
				ENABLE_STRICT_OBJC_MSGSEND = YES;
				GCC_C_LANGUAGE_STANDARD = gnu11;
				GCC_NO_COMMON_BLOCKS = YES;
				GCC_WARN_64_TO_32_BIT_CONVERSION = YES;
				GCC_WARN_ABOUT_RETURN_TYPE = YES_ERROR;
				GCC_WARN_UNDECLARED_SELECTOR = YES;
				GCC_WARN_UNINITIALIZED_AUTOS = YES_AGGRESSIVE;
				GCC_WARN_UNUSED_FUNCTION = YES;
				GCC_WARN_UNUSED_VARIABLE = YES;
				IPHONEOS_DEPLOYMENT_TARGET = 15.4;
				MTL_ENABLE_DEBUG_INFO = NO;
				MTL_FAST_MATH = YES;
				SDKROOT = iphoneos;
				SWIFT_COMPILATION_MODE = wholemodule;
				SWIFT_OPTIMIZATION_LEVEL = "-O";
				VALIDATE_PRODUCT = YES;
			};
			name = Release;
		};
		7953083A27FD7E79000D40DB /* Debug */ = {
			isa = XCBuildConfiguration;
			buildSettings = {
				ASSETCATALOG_COMPILER_APPICON_NAME = AppIcon;
				ASSETCATALOG_COMPILER_GLOBAL_ACCENT_COLOR_NAME = AccentColor;
				CODE_SIGN_STYLE = Automatic;
				CURRENT_PROJECT_VERSION = 1;
				DEVELOPMENT_ASSET_PATHS = "\"Noo6Main/Preview Content\"";
				DEVELOPMENT_TEAM = 8B3RT7D582;
				ENABLE_PREVIEWS = YES;
				GENERATE_INFOPLIST_FILE = YES;
				INFOPLIST_KEY_UIApplicationSceneManifest_Generation = YES;
				INFOPLIST_KEY_UIApplicationSupportsIndirectInputEvents = YES;
				INFOPLIST_KEY_UILaunchScreen_Generation = YES;
				INFOPLIST_KEY_UISupportedInterfaceOrientations_iPad = "UIInterfaceOrientationPortrait UIInterfaceOrientationPortraitUpsideDown UIInterfaceOrientationLandscapeLeft UIInterfaceOrientationLandscapeRight";
				INFOPLIST_KEY_UISupportedInterfaceOrientations_iPhone = "UIInterfaceOrientationPortrait UIInterfaceOrientationLandscapeLeft UIInterfaceOrientationLandscapeRight";
				LD_RUNPATH_SEARCH_PATHS = (
					"$(inherited)",
					"@executable_path/Frameworks",
				);
				MARKETING_VERSION = 1.0;
				PRODUCT_BUNDLE_IDENTIFIER = com.yung.Noo6Main;
				PRODUCT_NAME = "$(TARGET_NAME)";
				SWIFT_EMIT_LOC_STRINGS = YES;
				SWIFT_VERSION = 5.0;
				TARGETED_DEVICE_FAMILY = "1,2";
			};
			name = Debug;
		};
		7953083B27FD7E79000D40DB /* Release */ = {
			isa = XCBuildConfiguration;
			buildSettings = {
				ASSETCATALOG_COMPILER_APPICON_NAME = AppIcon;
				ASSETCATALOG_COMPILER_GLOBAL_ACCENT_COLOR_NAME = AccentColor;
				CODE_SIGN_STYLE = Automatic;
				CURRENT_PROJECT_VERSION = 1;
				DEVELOPMENT_ASSET_PATHS = "\"Noo6Main/Preview Content\"";
				DEVELOPMENT_TEAM = 8B3RT7D582;
				ENABLE_PREVIEWS = YES;
				GENERATE_INFOPLIST_FILE = YES;
				INFOPLIST_KEY_UIApplicationSceneManifest_Generation = YES;
				INFOPLIST_KEY_UIApplicationSupportsIndirectInputEvents = YES;
				INFOPLIST_KEY_UILaunchScreen_Generation = YES;
				INFOPLIST_KEY_UISupportedInterfaceOrientations_iPad = "UIInterfaceOrientationPortrait UIInterfaceOrientationPortraitUpsideDown UIInterfaceOrientationLandscapeLeft UIInterfaceOrientationLandscapeRight";
				INFOPLIST_KEY_UISupportedInterfaceOrientations_iPhone = "UIInterfaceOrientationPortrait UIInterfaceOrientationLandscapeLeft UIInterfaceOrientationLandscapeRight";
				LD_RUNPATH_SEARCH_PATHS = (
					"$(inherited)",
					"@executable_path/Frameworks",
				);
				MARKETING_VERSION = 1.0;
				PRODUCT_BUNDLE_IDENTIFIER = com.yung.Noo6Main;
				PRODUCT_NAME = "$(TARGET_NAME)";
				SWIFT_EMIT_LOC_STRINGS = YES;
				SWIFT_VERSION = 5.0;
				TARGETED_DEVICE_FAMILY = "1,2";
			};
			name = Release;
		};
/* End XCBuildConfiguration section */

/* Begin XCConfigurationList section */
		7953082627FD7E78000D40DB /* Build configuration list for PBXProject "Noo6Main" */ = {
			isa = XCConfigurationList;
			buildConfigurations = (
				7953083727FD7E79000D40DB /* Debug */,
				7953083827FD7E79000D40DB /* Release */,
			);
			defaultConfigurationIsVisible = 0;
			defaultConfigurationName = Release;
		};
		7953083927FD7E79000D40DB /* Build configuration list for PBXNativeTarget "Noo6Main" */ = {
			isa = XCConfigurationList;
			buildConfigurations = (
				7953083A27FD7E79000D40DB /* Debug */,
				7953083B27FD7E79000D40DB /* Release */,
			);
			defaultConfigurationIsVisible = 0;
			defaultConfigurationName = Release;
		};
/* End XCConfigurationList section */
	};
	rootObject = 7953082327FD7E78000D40DB /* Project object */;
}
