// !$*UTF8*$!
{
	archiveVersion = 1;
	classes = {
	};
	objectVersion = 55;
	objects = {

/* Begin PBXBuildFile section */
		552605BC27FED8EE0028C141 /* CategoryRow.swift in Sources */ = {isa = PBXBuildFile; fileRef = 552605BB27FED8EE0028C141 /* CategoryRow.swift */; };
		552605BE27FF17FE0028C141 /* CategoryList.swift in Sources */ = {isa = PBXBuildFile; fileRef = 552605BD27FF17FE0028C141 /* CategoryList.swift */; };
		552605C028005F630028C141 /* HomeView.swift in Sources */ = {isa = PBXBuildFile; fileRef = 552605BF28005F630028C141 /* HomeView.swift */; };
		552605DC2801B2FC0028C141 /* LongPressCircle.swift in Sources */ = {isa = PBXBuildFile; fileRef = 552605DB2801B2FC0028C141 /* LongPressCircle.swift */; };
		552605E228020FE30028C141 /* DragCircle.swift in Sources */ = {isa = PBXBuildFile; fileRef = 552605E128020FE30028C141 /* DragCircle.swift */; };
		79373AFF28006D7400CDAD04 /* ClearView.swift in Sources */ = {isa = PBXBuildFile; fileRef = 79373AFE28006D7400CDAD04 /* ClearView.swift */; };
		7953082F27FD7E78000D40DB /* Noo6MainApp.swift in Sources */ = {isa = PBXBuildFile; fileRef = 7953082E27FD7E78000D40DB /* Noo6MainApp.swift */; };
		7953083327FD7E79000D40DB /* Assets.xcassets in Resources */ = {isa = PBXBuildFile; fileRef = 7953083227FD7E79000D40DB /* Assets.xcassets */; };
		7953083627FD7E79000D40DB /* Preview Assets.xcassets in Resources */ = {isa = PBXBuildFile; fileRef = 7953083527FD7E79000D40DB /* Preview Assets.xcassets */; };
		798DC11B2802BD560064168B /* Cow-moo-sound.mp3 in Resources */ = {isa = PBXBuildFile; fileRef = 798DC11A2802BD560064168B /* Cow-moo-sound.mp3 */; };
		79A06FE8280459D100EF1A34 /* GuideData.json in Resources */ = {isa = PBXBuildFile; fileRef = 79A06FE7280459D100EF1A34 /* GuideData.json */; };
		79EB4B4C28053CA500F06C17 /* ModelData.swift in Sources */ = {isa = PBXBuildFile; fileRef = 79EB4B4B28053CA500F06C17 /* ModelData.swift */; };
		BF2CEDFA28006ECB003401D6 /* GuideView.swift in Sources */ = {isa = PBXBuildFile; fileRef = BF2CEDF928006ECB003401D6 /* GuideView.swift */; };
		BF9EB1732804071C00E766D6 /* audio_5_카메라.wav in Resources */ = {isa = PBXBuildFile; fileRef = BF9EB1722804071C00E766D6 /* audio_5_카메라.wav */; };
		D42F483827FED4C9009FECA0 /* CategoryView.swift in Sources */ = {isa = PBXBuildFile; fileRef = D42F483727FED4C9009FECA0 /* CategoryView.swift */; };
		D4B55B2628041E69009BD1B4 /* GradeData.json in Resources */ = {isa = PBXBuildFile; fileRef = D4B55B2528041E69009BD1B4 /* GradeData.json */; };
		D4B55B2828041F02009BD1B4 /* DataStruct.swift in Sources */ = {isa = PBXBuildFile; fileRef = D4B55B2728041F02009BD1B4 /* DataStruct.swift */; };
		D4B55B2A280420B7009BD1B4 /* DataLoadModel.swift in Sources */ = {isa = PBXBuildFile; fileRef = D4B55B29280420B7009BD1B4 /* DataLoadModel.swift */; };
		D4B55B2C28042318009BD1B4 /* DataTestView.swift in Sources */ = {isa = PBXBuildFile; fileRef = D4B55B2B28042318009BD1B4 /* DataTestView.swift */; };
		D4DDA1732804567A002302F5 /* CategoryData.json in Resources */ = {isa = PBXBuildFile; fileRef = D4DDA1722804567A002302F5 /* CategoryData.json */; };
		D4DDA17728045BEE002302F5 /* ClearData.json in Resources */ = {isa = PBXBuildFile; fileRef = D4DDA17628045BEE002302F5 /* ClearData.json */; };
		E901BB9528006550003AF610 /* HonorView.swift in Sources */ = {isa = PBXBuildFile; fileRef = E901BB9428006550003AF610 /* HonorView.swift */; };
		E901BB9828006915003AF610 /* LinkView.swift in Sources */ = {isa = PBXBuildFile; fileRef = E901BB9628006915003AF610 /* LinkView.swift */; };
		E901BB9928006915003AF610 /* HonorDetailView.swift in Sources */ = {isa = PBXBuildFile; fileRef = E901BB9728006915003AF610 /* HonorDetailView.swift */; };
/* End PBXBuildFile section */

/* Begin PBXFileReference section */
		552605BB27FED8EE0028C141 /* CategoryRow.swift */ = {isa = PBXFileReference; lastKnownFileType = sourcecode.swift; path = CategoryRow.swift; sourceTree = "<group>"; };
		552605BD27FF17FE0028C141 /* CategoryList.swift */ = {isa = PBXFileReference; lastKnownFileType = sourcecode.swift; path = CategoryList.swift; sourceTree = "<group>"; };
		552605BF28005F630028C141 /* HomeView.swift */ = {isa = PBXFileReference; lastKnownFileType = sourcecode.swift; path = HomeView.swift; sourceTree = "<group>"; };
		552605DB2801B2FC0028C141 /* LongPressCircle.swift */ = {isa = PBXFileReference; lastKnownFileType = sourcecode.swift; path = LongPressCircle.swift; sourceTree = "<group>"; };
		552605E128020FE30028C141 /* DragCircle.swift */ = {isa = PBXFileReference; lastKnownFileType = sourcecode.swift; path = DragCircle.swift; sourceTree = "<group>"; };
		79373AFE28006D7400CDAD04 /* ClearView.swift */ = {isa = PBXFileReference; lastKnownFileType = sourcecode.swift; path = ClearView.swift; sourceTree = "<group>"; };
		7953082B27FD7E78000D40DB /* Noo6Main.app */ = {isa = PBXFileReference; explicitFileType = wrapper.application; includeInIndex = 0; path = Noo6Main.app; sourceTree = BUILT_PRODUCTS_DIR; };
		7953082E27FD7E78000D40DB /* Noo6MainApp.swift */ = {isa = PBXFileReference; lastKnownFileType = sourcecode.swift; path = Noo6MainApp.swift; sourceTree = "<group>"; };
		7953083227FD7E79000D40DB /* Assets.xcassets */ = {isa = PBXFileReference; lastKnownFileType = folder.assetcatalog; path = Assets.xcassets; sourceTree = "<group>"; };
		7953083527FD7E79000D40DB /* Preview Assets.xcassets */ = {isa = PBXFileReference; lastKnownFileType = folder.assetcatalog; path = "Preview Assets.xcassets"; sourceTree = "<group>"; };
		798DC11A2802BD560064168B /* Cow-moo-sound.mp3 */ = {isa = PBXFileReference; lastKnownFileType = audio.mp3; path = "Cow-moo-sound.mp3"; sourceTree = "<group>"; };
		79A06FE7280459D100EF1A34 /* GuideData.json */ = {isa = PBXFileReference; lastKnownFileType = text.json; path = GuideData.json; sourceTree = "<group>"; };
		79EB4B4B28053CA500F06C17 /* ModelData.swift */ = {isa = PBXFileReference; lastKnownFileType = sourcecode.swift; path = ModelData.swift; sourceTree = "<group>"; };
		BF2CEDF928006ECB003401D6 /* GuideView.swift */ = {isa = PBXFileReference; lastKnownFileType = sourcecode.swift; path = GuideView.swift; sourceTree = "<group>"; };
		BF9EB1722804071C00E766D6 /* audio_5_카메라.wav */ = {isa = PBXFileReference; lastKnownFileType = audio.wav; path = "audio_5_카메라.wav"; sourceTree = "<group>"; };
		D42F483727FED4C9009FECA0 /* CategoryView.swift */ = {isa = PBXFileReference; lastKnownFileType = sourcecode.swift; path = CategoryView.swift; sourceTree = "<group>"; };
		D4B55B2528041E69009BD1B4 /* GradeData.json */ = {isa = PBXFileReference; lastKnownFileType = text.json; path = GradeData.json; sourceTree = "<group>"; };
		D4B55B2728041F02009BD1B4 /* DataStruct.swift */ = {isa = PBXFileReference; lastKnownFileType = sourcecode.swift; path = DataStruct.swift; sourceTree = "<group>"; };
		D4B55B29280420B7009BD1B4 /* DataLoadModel.swift */ = {isa = PBXFileReference; lastKnownFileType = sourcecode.swift; path = DataLoadModel.swift; sourceTree = "<group>"; };
		D4B55B2B28042318009BD1B4 /* DataTestView.swift */ = {isa = PBXFileReference; lastKnownFileType = sourcecode.swift; path = DataTestView.swift; sourceTree = "<group>"; };
		D4DDA1722804567A002302F5 /* CategoryData.json */ = {isa = PBXFileReference; lastKnownFileType = text.json; path = CategoryData.json; sourceTree = "<group>"; };
		D4DDA17628045BEE002302F5 /* ClearData.json */ = {isa = PBXFileReference; lastKnownFileType = text.json; path = ClearData.json; sourceTree = "<group>"; };
		E901BB9428006550003AF610 /* HonorView.swift */ = {isa = PBXFileReference; fileEncoding = 4; lastKnownFileType = sourcecode.swift; path = HonorView.swift; sourceTree = "<group>"; };
		E901BB9628006915003AF610 /* LinkView.swift */ = {isa = PBXFileReference; fileEncoding = 4; lastKnownFileType = sourcecode.swift; path = LinkView.swift; sourceTree = "<group>"; };
		E901BB9728006915003AF610 /* HonorDetailView.swift */ = {isa = PBXFileReference; fileEncoding = 4; lastKnownFileType = sourcecode.swift; path = HonorDetailView.swift; sourceTree = "<group>"; };
/* End PBXFileReference section */

/* Begin PBXFrameworksBuildPhase section */
		7953082827FD7E78000D40DB /* Frameworks */ = {
			isa = PBXFrameworksBuildPhase;
			buildActionMask = 2147483647;
			files = (
			);
			runOnlyForDeploymentPostprocessing = 0;
		};
/* End PBXFrameworksBuildPhase section */

/* Begin PBXGroup section */
		552605E3280210860028C141 /* GuideGesture */ = {
			isa = PBXGroup;
			children = (
				552605DB2801B2FC0028C141 /* LongPressCircle.swift */,
				552605E128020FE30028C141 /* DragCircle.swift */,
			);
			path = GuideGesture;
			sourceTree = "<group>";
		};
		7953082227FD7E78000D40DB = {
			isa = PBXGroup;
			children = (
				7953082D27FD7E78000D40DB /* Noo6Main */,
				7953082C27FD7E78000D40DB /* Products */,
			);
			sourceTree = "<group>";
		};
		7953082C27FD7E78000D40DB /* Products */ = {
			isa = PBXGroup;
			children = (
				7953082B27FD7E78000D40DB /* Noo6Main.app */,
			);
			name = Products;
			sourceTree = "<group>";
		};
		7953082D27FD7E78000D40DB /* Noo6Main */ = {
			isa = PBXGroup;
			children = (
				7953082E27FD7E78000D40DB /* Noo6MainApp.swift */,
				552605BF28005F630028C141 /* HomeView.swift */,
				552605BD27FF17FE0028C141 /* CategoryList.swift */,
				552605BB27FED8EE0028C141 /* CategoryRow.swift */,
				D42F483727FED4C9009FECA0 /* CategoryView.swift */,
				BF2CEDF928006ECB003401D6 /* GuideView.swift */,
				79373AFE28006D7400CDAD04 /* ClearView.swift */,
				E901BB9428006550003AF610 /* HonorView.swift */,
				E901BB9628006915003AF610 /* LinkView.swift */,
				E901BB9728006915003AF610 /* HonorDetailView.swift */,
				D4B55B2B28042318009BD1B4 /* DataTestView.swift */,
				79A06FEC28046E4C00EF1A34 /* DataStructS */,
				79A06FEB28046DD000EF1A34 /* Json */,
				798DC11A2802BD560064168B /* Cow-moo-sound.mp3 */,
				BF9EB1722804071C00E766D6 /* audio_5_카메라.wav */,
				552605E3280210860028C141 /* GuideGesture */,
				7953083227FD7E79000D40DB /* Assets.xcassets */,
				7953083427FD7E79000D40DB /* Preview Content */,
			);
			path = Noo6Main;
			sourceTree = "<group>";
		};
		7953083427FD7E79000D40DB /* Preview Content */ = {
			isa = PBXGroup;
			children = (
				7953083527FD7E79000D40DB /* Preview Assets.xcassets */,
			);
			path = "Preview Content";
			sourceTree = "<group>";
		};
		79A06FEB28046DD000EF1A34 /* Json */ = {
			isa = PBXGroup;
			children = (
				D4DDA17628045BEE002302F5 /* ClearData.json */,
				D4DDA1722804567A002302F5 /* CategoryData.json */,
				D4B55B2528041E69009BD1B4 /* GradeData.json */,
				79A06FE7280459D100EF1A34 /* GuideData.json */,
			);
			path = Json;
			sourceTree = "<group>";
		};
		79A06FEC28046E4C00EF1A34 /* DataStructS */ = {
			isa = PBXGroup;
			children = (
				D4B55B29280420B7009BD1B4 /* DataLoadModel.swift */,
				79EB4B4B28053CA500F06C17 /* ModelData.swift */,
				D4B55B2728041F02009BD1B4 /* DataStruct.swift */,
			);
			path = DataStructS;
			sourceTree = "<group>";
		};
/* End PBXGroup section */

/* Begin PBXNativeTarget section */
		7953082A27FD7E78000D40DB /* Noo6Main */ = {
			isa = PBXNativeTarget;
			buildConfigurationList = 7953083927FD7E79000D40DB /* Build configuration list for PBXNativeTarget "Noo6Main" */;
			buildPhases = (
				7953082727FD7E78000D40DB /* Sources */,
				7953082827FD7E78000D40DB /* Frameworks */,
				7953082927FD7E78000D40DB /* Resources */,
			);
			buildRules = (
			);
			dependencies = (
			);
			name = Noo6Main;
			productName = Noo6Main;
			productReference = 7953082B27FD7E78000D40DB /* Noo6Main.app */;
			productType = "com.apple.product-type.application";
		};
/* End PBXNativeTarget section */

/* Begin PBXProject section */
		7953082327FD7E78000D40DB /* Project object */ = {
			isa = PBXProject;
			attributes = {
				BuildIndependentTargetsInParallel = 1;
				LastSwiftUpdateCheck = 1330;
				LastUpgradeCheck = 1330;
				TargetAttributes = {
					7953082A27FD7E78000D40DB = {
						CreatedOnToolsVersion = 13.3;
					};
				};
			};
			buildConfigurationList = 7953082627FD7E78000D40DB /* Build configuration list for PBXProject "Noo6Main" */;
			compatibilityVersion = "Xcode 13.0";
			developmentRegion = en;
			hasScannedForEncodings = 0;
			knownRegions = (
				en,
				Base,
			);
			mainGroup = 7953082227FD7E78000D40DB;
			productRefGroup = 7953082C27FD7E78000D40DB /* Products */;
			projectDirPath = "";
			projectRoot = "";
			targets = (
				7953082A27FD7E78000D40DB /* Noo6Main */,
			);
		};
/* End PBXProject section */

/* Begin PBXResourcesBuildPhase section */
		7953082927FD7E78000D40DB /* Resources */ = {
			isa = PBXResourcesBuildPhase;
			buildActionMask = 2147483647;
			files = (
				7953083627FD7E79000D40DB /* Preview Assets.xcassets in Resources */,
				BF9EB1732804071C00E766D6 /* audio_5_카메라.wav in Resources */,
				7953083327FD7E79000D40DB /* Assets.xcassets in Resources */,
				79A06FE8280459D100EF1A34 /* GuideData.json in Resources */,
				D4DDA1732804567A002302F5 /* CategoryData.json in Resources */,
				D4DDA17728045BEE002302F5 /* ClearData.json in Resources */,
				798DC11B2802BD560064168B /* Cow-moo-sound.mp3 in Resources */,
				D4B55B2628041E69009BD1B4 /* GradeData.json in Resources */,
			);
			runOnlyForDeploymentPostprocessing = 0;
		};
/* End PBXResourcesBuildPhase section */

/* Begin PBXSourcesBuildPhase section */
		7953082727FD7E78000D40DB /* Sources */ = {
			isa = PBXSourcesBuildPhase;
			buildActionMask = 2147483647;
			files = (
				D4B55B2C28042318009BD1B4 /* DataTestView.swift in Sources */,
				552605E228020FE30028C141 /* DragCircle.swift in Sources */,
				D42F483827FED4C9009FECA0 /* CategoryView.swift in Sources */,
				79373AFF28006D7400CDAD04 /* ClearView.swift in Sources */,
				D4B55B2A280420B7009BD1B4 /* DataLoadModel.swift in Sources */,
				79EB4B4C28053CA500F06C17 /* ModelData.swift in Sources */,
				552605BC27FED8EE0028C141 /* CategoryRow.swift in Sources */,
				7953082F27FD7E78000D40DB /* Noo6MainApp.swift in Sources */,
				552605C028005F630028C141 /* HomeView.swift in Sources */,
				552605DC2801B2FC0028C141 /* LongPressCircle.swift in Sources */,
				BF2CEDFA28006ECB003401D6 /* GuideView.swift in Sources */,
				D4B55B2828041F02009BD1B4 /* DataStruct.swift in Sources */,
				E901BB9928006915003AF610 /* HonorDetailView.swift in Sources */,
				552605BE27FF17FE0028C141 /* CategoryList.swift in Sources */,
				E901BB9828006915003AF610 /* LinkView.swift in Sources */,
				E901BB9528006550003AF610 /* HonorView.swift in Sources */,
			);
			runOnlyForDeploymentPostprocessing = 0;
		};
/* End PBXSourcesBuildPhase section */

/* Begin XCBuildConfiguration section */
		7953083727FD7E79000D40DB /* Debug */ = {
			isa = XCBuildConfiguration;
			buildSettings = {
				ALWAYS_SEARCH_USER_PATHS = NO;
				CLANG_ANALYZER_NONNULL = YES;
				CLANG_ANALYZER_NUMBER_OBJECT_CONVERSION = YES_AGGRESSIVE;
				CLANG_CXX_LANGUAGE_STANDARD = "gnu++17";
				CLANG_ENABLE_MODULES = YES;
				CLANG_ENABLE_OBJC_ARC = YES;
				CLANG_ENABLE_OBJC_WEAK = YES;
				CLANG_WARN_BLOCK_CAPTURE_AUTORELEASING = YES;
				CLANG_WARN_BOOL_CONVERSION = YES;
				CLANG_WARN_COMMA = YES;
				CLANG_WARN_CONSTANT_CONVERSION = YES;
				CLANG_WARN_DEPRECATED_OBJC_IMPLEMENTATIONS = YES;
				CLANG_WARN_DIRECT_OBJC_ISA_USAGE = YES_ERROR;
				CLANG_WARN_DOCUMENTATION_COMMENTS = YES;
				CLANG_WARN_EMPTY_BODY = YES;
				CLANG_WARN_ENUM_CONVERSION = YES;
				CLANG_WARN_INFINITE_RECURSION = YES;
				CLANG_WARN_INT_CONVERSION = YES;
				CLANG_WARN_NON_LITERAL_NULL_CONVERSION = YES;
				CLANG_WARN_OBJC_IMPLICIT_RETAIN_SELF = YES;
				CLANG_WARN_OBJC_LITERAL_CONVERSION = YES;
				CLANG_WARN_OBJC_ROOT_CLASS = YES_ERROR;
				CLANG_WARN_QUOTED_INCLUDE_IN_FRAMEWORK_HEADER = YES;
				CLANG_WARN_RANGE_LOOP_ANALYSIS = YES;
				CLANG_WARN_STRICT_PROTOTYPES = YES;
				CLANG_WARN_SUSPICIOUS_MOVE = YES;
				CLANG_WARN_UNGUARDED_AVAILABILITY = YES_AGGRESSIVE;
				CLANG_WARN_UNREACHABLE_CODE = YES;
				CLANG_WARN__DUPLICATE_METHOD_MATCH = YES;
				COPY_PHASE_STRIP = NO;
				DEBUG_INFORMATION_FORMAT = dwarf;
				ENABLE_STRICT_OBJC_MSGSEND = YES;
				ENABLE_TESTABILITY = YES;
				GCC_C_LANGUAGE_STANDARD = gnu11;
				GCC_DYNAMIC_NO_PIC = NO;
				GCC_NO_COMMON_BLOCKS = YES;
				GCC_OPTIMIZATION_LEVEL = 0;
				GCC_PREPROCESSOR_DEFINITIONS = (
					"DEBUG=1",
					"$(inherited)",
				);
				GCC_WARN_64_TO_32_BIT_CONVERSION = YES;
				GCC_WARN_ABOUT_RETURN_TYPE = YES_ERROR;
				GCC_WARN_UNDECLARED_SELECTOR = YES;
				GCC_WARN_UNINITIALIZED_AUTOS = YES_AGGRESSIVE;
				GCC_WARN_UNUSED_FUNCTION = YES;
				GCC_WARN_UNUSED_VARIABLE = YES;
				IPHONEOS_DEPLOYMENT_TARGET = 15.4;
				MTL_ENABLE_DEBUG_INFO = INCLUDE_SOURCE;
				MTL_FAST_MATH = YES;
				ONLY_ACTIVE_ARCH = YES;
				SDKROOT = iphoneos;
				SWIFT_ACTIVE_COMPILATION_CONDITIONS = DEBUG;
				SWIFT_OPTIMIZATION_LEVEL = "-Onone";
			};
			name = Debug;
		};
		7953083827FD7E79000D40DB /* Release */ = {
			isa = XCBuildConfiguration;
			buildSettings = {
				ALWAYS_SEARCH_USER_PATHS = NO;
				CLANG_ANALYZER_NONNULL = YES;
				CLANG_ANALYZER_NUMBER_OBJECT_CONVERSION = YES_AGGRESSIVE;
				CLANG_CXX_LANGUAGE_STANDARD = "gnu++17";
				CLANG_ENABLE_MODULES = YES;
				CLANG_ENABLE_OBJC_ARC = YES;
				CLANG_ENABLE_OBJC_WEAK = YES;
				CLANG_WARN_BLOCK_CAPTURE_AUTORELEASING = YES;
				CLANG_WARN_BOOL_CONVERSION = YES;
				CLANG_WARN_COMMA = YES;
				CLANG_WARN_CONSTANT_CONVERSION = YES;
				CLANG_WARN_DEPRECATED_OBJC_IMPLEMENTATIONS = YES;
				CLANG_WARN_DIRECT_OBJC_ISA_USAGE = YES_ERROR;
				CLANG_WARN_DOCUMENTATION_COMMENTS = YES;
				CLANG_WARN_EMPTY_BODY = YES;
				CLANG_WARN_ENUM_CONVERSION = YES;
				CLANG_WARN_INFINITE_RECURSION = YES;
				CLANG_WARN_INT_CONVERSION = YES;
				CLANG_WARN_NON_LITERAL_NULL_CONVERSION = YES;
				CLANG_WARN_OBJC_IMPLICIT_RETAIN_SELF = YES;
				CLANG_WARN_OBJC_LITERAL_CONVERSION = YES;
				CLANG_WARN_OBJC_ROOT_CLASS = YES_ERROR;
				CLANG_WARN_QUOTED_INCLUDE_IN_FRAMEWORK_HEADER = YES;
				CLANG_WARN_RANGE_LOOP_ANALYSIS = YES;
				CLANG_WARN_STRICT_PROTOTYPES = YES;
				CLANG_WARN_SUSPICIOUS_MOVE = YES;
				CLANG_WARN_UNGUARDED_AVAILABILITY = YES_AGGRESSIVE;
				CLANG_WARN_UNREACHABLE_CODE = YES;
				CLANG_WARN__DUPLICATE_METHOD_MATCH = YES;
				COPY_PHASE_STRIP = NO;
				DEBUG_INFORMATION_FORMAT = "dwarf-with-dsym";
				ENABLE_NS_ASSERTIONS = NO;
				ENABLE_STRICT_OBJC_MSGSEND = YES;
				GCC_C_LANGUAGE_STANDARD = gnu11;
				GCC_NO_COMMON_BLOCKS = YES;
				GCC_WARN_64_TO_32_BIT_CONVERSION = YES;
				GCC_WARN_ABOUT_RETURN_TYPE = YES_ERROR;
				GCC_WARN_UNDECLARED_SELECTOR = YES;
				GCC_WARN_UNINITIALIZED_AUTOS = YES_AGGRESSIVE;
				GCC_WARN_UNUSED_FUNCTION = YES;
				GCC_WARN_UNUSED_VARIABLE = YES;
				IPHONEOS_DEPLOYMENT_TARGET = 15.4;
				MTL_ENABLE_DEBUG_INFO = NO;
				MTL_FAST_MATH = YES;
				SDKROOT = iphoneos;
				SWIFT_COMPILATION_MODE = wholemodule;
				SWIFT_OPTIMIZATION_LEVEL = "-O";
				VALIDATE_PRODUCT = YES;
			};
			name = Release;
		};
		7953083A27FD7E79000D40DB /* Debug */ = {
			isa = XCBuildConfiguration;
			buildSettings = {
				ASSETCATALOG_COMPILER_APPICON_NAME = AppIcon;
				ASSETCATALOG_COMPILER_GLOBAL_ACCENT_COLOR_NAME = AccentColor;
				CODE_SIGN_STYLE = Automatic;
				CURRENT_PROJECT_VERSION = 1;
				DEVELOPMENT_ASSET_PATHS = "\"Noo6Main/Preview Content\"";
				ENABLE_PREVIEWS = YES;
				GENERATE_INFOPLIST_FILE = YES;
				INFOPLIST_KEY_UIApplicationSceneManifest_Generation = YES;
				INFOPLIST_KEY_UIApplicationSupportsIndirectInputEvents = YES;
				INFOPLIST_KEY_UILaunchScreen_Generation = YES;
				INFOPLIST_KEY_UISupportedInterfaceOrientations_iPad = "UIInterfaceOrientationPortrait UIInterfaceOrientationPortraitUpsideDown UIInterfaceOrientationLandscapeLeft UIInterfaceOrientationLandscapeRight";
				INFOPLIST_KEY_UISupportedInterfaceOrientations_iPhone = "UIInterfaceOrientationPortrait UIInterfaceOrientationLandscapeLeft UIInterfaceOrientationLandscapeRight";
				LD_RUNPATH_SEARCH_PATHS = (
					"$(inherited)",
					"@executable_path/Frameworks",
				);
				MARKETING_VERSION = 1.0;
				PRODUCT_BUNDLE_IDENTIFIER = com.yung.Noo6Main;
				PRODUCT_NAME = "$(TARGET_NAME)";
				SWIFT_EMIT_LOC_STRINGS = YES;
				SWIFT_VERSION = 5.0;
				TARGETED_DEVICE_FAMILY = "1,2";
			};
			name = Debug;
		};
		7953083B27FD7E79000D40DB /* Release */ = {
			isa = XCBuildConfiguration;
			buildSettings = {
				ASSETCATALOG_COMPILER_APPICON_NAME = AppIcon;
				ASSETCATALOG_COMPILER_GLOBAL_ACCENT_COLOR_NAME = AccentColor;
				CODE_SIGN_STYLE = Automatic;
				CURRENT_PROJECT_VERSION = 1;
				DEVELOPMENT_ASSET_PATHS = "\"Noo6Main/Preview Content\"";
				ENABLE_PREVIEWS = YES;
				GENERATE_INFOPLIST_FILE = YES;
				INFOPLIST_KEY_UIApplicationSceneManifest_Generation = YES;
				INFOPLIST_KEY_UIApplicationSupportsIndirectInputEvents = YES;
				INFOPLIST_KEY_UILaunchScreen_Generation = YES;
				INFOPLIST_KEY_UISupportedInterfaceOrientations_iPad = "UIInterfaceOrientationPortrait UIInterfaceOrientationPortraitUpsideDown UIInterfaceOrientationLandscapeLeft UIInterfaceOrientationLandscapeRight";
				INFOPLIST_KEY_UISupportedInterfaceOrientations_iPhone = "UIInterfaceOrientationPortrait UIInterfaceOrientationLandscapeLeft UIInterfaceOrientationLandscapeRight";
				LD_RUNPATH_SEARCH_PATHS = (
					"$(inherited)",
					"@executable_path/Frameworks",
				);
				MARKETING_VERSION = 1.0;
				PRODUCT_BUNDLE_IDENTIFIER = com.yung.Noo6Main;
				PRODUCT_NAME = "$(TARGET_NAME)";
				SWIFT_EMIT_LOC_STRINGS = YES;
				SWIFT_VERSION = 5.0;
				TARGETED_DEVICE_FAMILY = "1,2";
			};
			name = Release;
		};
/* End XCBuildConfiguration section */

/* Begin XCConfigurationList section */
		7953082627FD7E78000D40DB /* Build configuration list for PBXProject "Noo6Main" */ = {
			isa = XCConfigurationList;
			buildConfigurations = (
				7953083727FD7E79000D40DB /* Debug */,
				7953083827FD7E79000D40DB /* Release */,
			);
			defaultConfigurationIsVisible = 0;
			defaultConfigurationName = Release;
		};
		7953083927FD7E79000D40DB /* Build configuration list for PBXNativeTarget "Noo6Main" */ = {
			isa = XCConfigurationList;
			buildConfigurations = (
				7953083A27FD7E79000D40DB /* Debug */,
				7953083B27FD7E79000D40DB /* Release */,
			);
			defaultConfigurationIsVisible = 0;
			defaultConfigurationName = Release;
		};
/* End XCConfigurationList section */
	};
	rootObject = 7953082327FD7E78000D40DB /* Project object */;
}
